// !$*UTF8*$!
{
	archiveVersion = 1;
	classes = {
	};
	objectVersion = 46;
	objects = {

/* Begin PBXBuildFile section */
		55ABB7DB886F57DB3DABE2D7 /* Pods_ReactiveObjCDemo.framework in Frameworks */ = {isa = PBXBuildFile; fileRef = CB4C6ABB908FB7D69DEDF484 /* Pods_ReactiveObjCDemo.framework */; };
		B57FBAA61EE900E200D97C29 /* RAC_TempVC.m in Sources */ = {isa = PBXBuildFile; fileRef = B57FBAA41EE900E200D97C29 /* RAC_TempVC.m */; };
		B57FBAA71EE900E200D97C29 /* RAC_TempVC.xib in Resources */ = {isa = PBXBuildFile; fileRef = B57FBAA51EE900E200D97C29 /* RAC_TempVC.xib */; };
		B57FBAA91EE92B0C00D97C29 /* CommonFrameWork.framework in Frameworks */ = {isa = PBXBuildFile; fileRef = B57FBAA81EE92B0C00D97C29 /* CommonFrameWork.framework */; };
		B57FBAAA1EE92B0C00D97C29 /* CommonFrameWork.framework in Embed Frameworks */ = {isa = PBXBuildFile; fileRef = B57FBAA81EE92B0C00D97C29 /* CommonFrameWork.framework */; settings = {ATTRIBUTES = (CodeSignOnCopy, RemoveHeadersOnCopy, ); }; };
		B57FBAB41EE92B8E00D97C29 /* TableViewDataVC.m in Sources */ = {isa = PBXBuildFile; fileRef = B57FBAB21EE92B8E00D97C29 /* TableViewDataVC.m */; };
		B57FBAB81EE92C1800D97C29 /* TableDataModel.m in Sources */ = {isa = PBXBuildFile; fileRef = B57FBAB71EE92C1800D97C29 /* TableDataModel.m */; };
		B58AAAAB1EE81150003F033B /* main.m in Sources */ = {isa = PBXBuildFile; fileRef = B58AAAAA1EE81150003F033B /* main.m */; };
		B58AAAAE1EE81150003F033B /* AppDelegate.m in Sources */ = {isa = PBXBuildFile; fileRef = B58AAAAD1EE81150003F033B /* AppDelegate.m */; };
		B58AAAB71EE81150003F033B /* Main.storyboard in Resources */ = {isa = PBXBuildFile; fileRef = B58AAAB51EE81150003F033B /* Main.storyboard */; };
		B58AAAB91EE81150003F033B /* Assets.xcassets in Resources */ = {isa = PBXBuildFile; fileRef = B58AAAB81EE81150003F033B /* Assets.xcassets */; };
		B58AAABC1EE81150003F033B /* LaunchScreen.storyboard in Resources */ = {isa = PBXBuildFile; fileRef = B58AAABA1EE81150003F033B /* LaunchScreen.storyboard */; };
		B58AAAD21EE81212003F033B /* RAC_UsageVC.m in Sources */ = {isa = PBXBuildFile; fileRef = B58AAAC51EE81212003F033B /* RAC_UsageVC.m */; };
		B58AAAD51EE81212003F033B /* LoginVC.m in Sources */ = {isa = PBXBuildFile; fileRef = B58AAACB1EE81212003F033B /* LoginVC.m */; };
		B58AAAD61EE81212003F033B /* LoginViewModel.m in Sources */ = {isa = PBXBuildFile; fileRef = B58AAACE1EE81212003F033B /* LoginViewModel.m */; };
		B58AAAD71EE81212003F033B /* OkView.m in Sources */ = {isa = PBXBuildFile; fileRef = B58AAAD11EE81212003F033B /* OkView.m */; };
/* End PBXBuildFile section */

/* Begin PBXCopyFilesBuildPhase section */
		B57FBAAB1EE92B0C00D97C29 /* Embed Frameworks */ = {
			isa = PBXCopyFilesBuildPhase;
			buildActionMask = 2147483647;
			dstPath = "";
			dstSubfolderSpec = 10;
			files = (
				B57FBAAA1EE92B0C00D97C29 /* CommonFrameWork.framework in Embed Frameworks */,
			);
			name = "Embed Frameworks";
			runOnlyForDeploymentPostprocessing = 0;
		};
/* End PBXCopyFilesBuildPhase section */

/* Begin PBXFileReference section */
		7489C7B8DC008731AA975DA5 /* Pods-ReactiveObjCDemo.release.xcconfig */ = {isa = PBXFileReference; includeInIndex = 1; lastKnownFileType = text.xcconfig; name = "Pods-ReactiveObjCDemo.release.xcconfig"; path = "../Pods/Target Support Files/Pods-ReactiveObjCDemo/Pods-ReactiveObjCDemo.release.xcconfig"; sourceTree = "<group>"; };
		92FF33B454F868FBB6ED3127 /* Pods-ReactiveObjCDemo.debug.xcconfig */ = {isa = PBXFileReference; includeInIndex = 1; lastKnownFileType = text.xcconfig; name = "Pods-ReactiveObjCDemo.debug.xcconfig"; path = "../Pods/Target Support Files/Pods-ReactiveObjCDemo/Pods-ReactiveObjCDemo.debug.xcconfig"; sourceTree = "<group>"; };
		B57FBAA31EE900E200D97C29 /* RAC_TempVC.h */ = {isa = PBXFileReference; fileEncoding = 4; lastKnownFileType = sourcecode.c.h; path = RAC_TempVC.h; sourceTree = "<group>"; };
		B57FBAA41EE900E200D97C29 /* RAC_TempVC.m */ = {isa = PBXFileReference; fileEncoding = 4; lastKnownFileType = sourcecode.c.objc; path = RAC_TempVC.m; sourceTree = "<group>"; };
		B57FBAA51EE900E200D97C29 /* RAC_TempVC.xib */ = {isa = PBXFileReference; fileEncoding = 4; lastKnownFileType = file.xib; path = RAC_TempVC.xib; sourceTree = "<group>"; };
		B57FBAA81EE92B0C00D97C29 /* CommonFrameWork.framework */ = {isa = PBXFileReference; explicitFileType = wrapper.framework; path = CommonFrameWork.framework; sourceTree = BUILT_PRODUCTS_DIR; };
		B57FBAB11EE92B8E00D97C29 /* TableViewDataVC.h */ = {isa = PBXFileReference; fileEncoding = 4; lastKnownFileType = sourcecode.c.h; path = TableViewDataVC.h; sourceTree = "<group>"; };
		B57FBAB21EE92B8E00D97C29 /* TableViewDataVC.m */ = {isa = PBXFileReference; fileEncoding = 4; lastKnownFileType = sourcecode.c.objc; path = TableViewDataVC.m; sourceTree = "<group>"; };
		B57FBAB61EE92C1800D97C29 /* TableDataModel.h */ = {isa = PBXFileReference; fileEncoding = 4; lastKnownFileType = sourcecode.c.h; path = TableDataModel.h; sourceTree = "<group>"; };
		B57FBAB71EE92C1800D97C29 /* TableDataModel.m */ = {isa = PBXFileReference; fileEncoding = 4; lastKnownFileType = sourcecode.c.objc; path = TableDataModel.m; sourceTree = "<group>"; };
		B58AAAA61EE81150003F033B /* ReactiveObjCDemo.app */ = {isa = PBXFileReference; explicitFileType = wrapper.application; includeInIndex = 0; path = ReactiveObjCDemo.app; sourceTree = BUILT_PRODUCTS_DIR; };
		B58AAAAA1EE81150003F033B /* main.m */ = {isa = PBXFileReference; lastKnownFileType = sourcecode.c.objc; path = main.m; sourceTree = "<group>"; };
		B58AAAAC1EE81150003F033B /* AppDelegate.h */ = {isa = PBXFileReference; lastKnownFileType = sourcecode.c.h; path = AppDelegate.h; sourceTree = "<group>"; };
		B58AAAAD1EE81150003F033B /* AppDelegate.m */ = {isa = PBXFileReference; lastKnownFileType = sourcecode.c.objc; path = AppDelegate.m; sourceTree = "<group>"; };
		B58AAAB61EE81150003F033B /* Base */ = {isa = PBXFileReference; lastKnownFileType = file.storyboard; name = Base; path = Base.lproj/Main.storyboard; sourceTree = "<group>"; };
		B58AAAB81EE81150003F033B /* Assets.xcassets */ = {isa = PBXFileReference; lastKnownFileType = folder.assetcatalog; path = Assets.xcassets; sourceTree = "<group>"; };
		B58AAABB1EE81150003F033B /* Base */ = {isa = PBXFileReference; lastKnownFileType = file.storyboard; name = Base; path = Base.lproj/LaunchScreen.storyboard; sourceTree = "<group>"; };
		B58AAABD1EE81150003F033B /* Info.plist */ = {isa = PBXFileReference; lastKnownFileType = text.plist.xml; path = Info.plist; sourceTree = "<group>"; };
		B58AAAC41EE81212003F033B /* RAC_UsageVC.h */ = {isa = PBXFileReference; fileEncoding = 4; lastKnownFileType = sourcecode.c.h; path = RAC_UsageVC.h; sourceTree = "<group>"; };
		B58AAAC51EE81212003F033B /* RAC_UsageVC.m */ = {isa = PBXFileReference; fileEncoding = 4; lastKnownFileType = sourcecode.c.objc; path = RAC_UsageVC.m; sourceTree = "<group>"; };
		B58AAACA1EE81212003F033B /* LoginVC.h */ = {isa = PBXFileReference; fileEncoding = 4; lastKnownFileType = sourcecode.c.h; path = LoginVC.h; sourceTree = "<group>"; };
		B58AAACB1EE81212003F033B /* LoginVC.m */ = {isa = PBXFileReference; fileEncoding = 4; lastKnownFileType = sourcecode.c.objc; path = LoginVC.m; sourceTree = "<group>"; };
		B58AAACD1EE81212003F033B /* LoginViewModel.h */ = {isa = PBXFileReference; fileEncoding = 4; lastKnownFileType = sourcecode.c.h; path = LoginViewModel.h; sourceTree = "<group>"; };
		B58AAACE1EE81212003F033B /* LoginViewModel.m */ = {isa = PBXFileReference; fileEncoding = 4; lastKnownFileType = sourcecode.c.objc; path = LoginViewModel.m; sourceTree = "<group>"; };
		B58AAAD01EE81212003F033B /* OkView.h */ = {isa = PBXFileReference; fileEncoding = 4; lastKnownFileType = sourcecode.c.h; path = OkView.h; sourceTree = "<group>"; };
		B58AAAD11EE81212003F033B /* OkView.m */ = {isa = PBXFileReference; fileEncoding = 4; lastKnownFileType = sourcecode.c.objc; path = OkView.m; sourceTree = "<group>"; };
		CB4C6ABB908FB7D69DEDF484 /* Pods_ReactiveObjCDemo.framework */ = {isa = PBXFileReference; explicitFileType = wrapper.framework; includeInIndex = 0; path = Pods_ReactiveObjCDemo.framework; sourceTree = BUILT_PRODUCTS_DIR; };
/* End PBXFileReference section */

/* Begin PBXFrameworksBuildPhase section */
		B58AAAA31EE81150003F033B /* Frameworks */ = {
			isa = PBXFrameworksBuildPhase;
			buildActionMask = 2147483647;
			files = (
				B57FBAA91EE92B0C00D97C29 /* CommonFrameWork.framework in Frameworks */,
				55ABB7DB886F57DB3DABE2D7 /* Pods_ReactiveObjCDemo.framework in Frameworks */,
			);
			runOnlyForDeploymentPostprocessing = 0;
		};
/* End PBXFrameworksBuildPhase section */

/* Begin PBXGroup section */
		B58AAA9D1EE81150003F033B = {
			isa = PBXGroup;
			children = (
				B58AAAA81EE81150003F033B /* ReactiveObjCDemo */,
				B58AAAA71EE81150003F033B /* Products */,
				FF28134C0DA60E97F21C0EBB /* Pods */,
				CD06A892A8277482FA085971 /* Frameworks */,
			);
			sourceTree = "<group>";
		};
		B58AAAA71EE81150003F033B /* Products */ = {
			isa = PBXGroup;
			children = (
				B58AAAA61EE81150003F033B /* ReactiveObjCDemo.app */,
			);
			name = Products;
			sourceTree = "<group>";
		};
		B58AAAA81EE81150003F033B /* ReactiveObjCDemo */ = {
			isa = PBXGroup;
			children = (
				B58AAAAC1EE81150003F033B /* AppDelegate.h */,
				B58AAAAD1EE81150003F033B /* AppDelegate.m */,
				B58AAAC31EE81212003F033B /* Controller */,
				B58AAAC91EE81212003F033B /* LoginDemo */,
				B58AAACC1EE81212003F033B /* Model */,
				B58AAACF1EE81212003F033B /* View */,
				B58AAAB51EE81150003F033B /* Main.storyboard */,
				B58AAAB81EE81150003F033B /* Assets.xcassets */,
				B58AAABA1EE81150003F033B /* LaunchScreen.storyboard */,
				B58AAABD1EE81150003F033B /* Info.plist */,
				B58AAAA91EE81150003F033B /* Supporting Files */,
			);
			path = ReactiveObjCDemo;
			sourceTree = "<group>";
		};
		B58AAAA91EE81150003F033B /* Supporting Files */ = {
			isa = PBXGroup;
			children = (
				B58AAAAA1EE81150003F033B /* main.m */,
			);
			name = "Supporting Files";
			sourceTree = "<group>";
		};
		B58AAAC31EE81212003F033B /* Controller */ = {
			isa = PBXGroup;
			children = (
				B58AAAC41EE81212003F033B /* RAC_UsageVC.h */,
				B58AAAC51EE81212003F033B /* RAC_UsageVC.m */,
				B57FBAA31EE900E200D97C29 /* RAC_TempVC.h */,
				B57FBAA41EE900E200D97C29 /* RAC_TempVC.m */,
				B57FBAA51EE900E200D97C29 /* RAC_TempVC.xib */,
			);
			path = Controller;
			sourceTree = "<group>";
		};
		B58AAAC91EE81212003F033B /* LoginDemo */ = {
			isa = PBXGroup;
			children = (
				B58AAACA1EE81212003F033B /* LoginVC.h */,
				B58AAACB1EE81212003F033B /* LoginVC.m */,
				B57FBAB11EE92B8E00D97C29 /* TableViewDataVC.h */,
				B57FBAB21EE92B8E00D97C29 /* TableViewDataVC.m */,
			);
			path = LoginDemo;
			sourceTree = "<group>";
		};
		B58AAACC1EE81212003F033B /* Model */ = {
			isa = PBXGroup;
			children = (
				B58AAACD1EE81212003F033B /* LoginViewModel.h */,
				B58AAACE1EE81212003F033B /* LoginViewModel.m */,
				B57FBAB61EE92C1800D97C29 /* TableDataModel.h */,
				B57FBAB71EE92C1800D97C29 /* TableDataModel.m */,
			);
			path = Model;
			sourceTree = "<group>";
		};
		B58AAACF1EE81212003F033B /* View */ = {
			isa = PBXGroup;
			children = (
				B58AAAD01EE81212003F033B /* OkView.h */,
				B58AAAD11EE81212003F033B /* OkView.m */,
			);
			path = View;
			sourceTree = "<group>";
		};
		CD06A892A8277482FA085971 /* Frameworks */ = {
			isa = PBXGroup;
			children = (
				CB4C6ABB908FB7D69DEDF484 /* Pods_ReactiveObjCDemo.framework */,
				B57FBAA81EE92B0C00D97C29 /* CommonFrameWork.framework */,
			);
			name = Frameworks;
			sourceTree = "<group>";
		};
		FF28134C0DA60E97F21C0EBB /* Pods */ = {
			isa = PBXGroup;
			children = (
				92FF33B454F868FBB6ED3127 /* Pods-ReactiveObjCDemo.debug.xcconfig */,
				7489C7B8DC008731AA975DA5 /* Pods-ReactiveObjCDemo.release.xcconfig */,
			);
			name = Pods;
			sourceTree = "<group>";
		};
/* End PBXGroup section */

/* Begin PBXNativeTarget section */
		B58AAAA51EE81150003F033B /* ReactiveObjCDemo */ = {
			isa = PBXNativeTarget;
			buildConfigurationList = B58AAAC01EE81150003F033B /* Build configuration list for PBXNativeTarget "ReactiveObjCDemo" */;
			buildPhases = (
				38009293F90EAF4652C39128 /* [CP] Check Pods Manifest.lock */,
				B58AAAA21EE81150003F033B /* Sources */,
				B58AAAA31EE81150003F033B /* Frameworks */,
				B58AAAA41EE81150003F033B /* Resources */,
				4BC4B4B25B6B856DADC0874E /* [CP] Embed Pods Frameworks */,
				A9564A9F52422DE954E8D730 /* [CP] Copy Pods Resources */,
				B57FBAAB1EE92B0C00D97C29 /* Embed Frameworks */,
			);
			buildRules = (
			);
			dependencies = (
			);
			name = ReactiveObjCDemo;
			productName = ReactiveObjCDemo;
			productReference = B58AAAA61EE81150003F033B /* ReactiveObjCDemo.app */;
			productType = "com.apple.product-type.application";
		};
/* End PBXNativeTarget section */

/* Begin PBXProject section */
		B58AAA9E1EE81150003F033B /* Project object */ = {
			isa = PBXProject;
			attributes = {
				LastUpgradeCheck = 0830;
				ORGANIZATIONNAME = Luke;
				TargetAttributes = {
					B58AAAA51EE81150003F033B = {
						CreatedOnToolsVersion = 8.3.2;
						DevelopmentTeam = P8FFNR95EQ;
						ProvisioningStyle = Automatic;
					};
				};
			};
			buildConfigurationList = B58AAAA11EE81150003F033B /* Build configuration list for PBXProject "ReactiveObjCDemo" */;
			compatibilityVersion = "Xcode 3.2";
			developmentRegion = English;
			hasScannedForEncodings = 0;
			knownRegions = (
				en,
				Base,
			);
			mainGroup = B58AAA9D1EE81150003F033B;
			productRefGroup = B58AAAA71EE81150003F033B /* Products */;
			projectDirPath = "";
			projectRoot = "";
			targets = (
				B58AAAA51EE81150003F033B /* ReactiveObjCDemo */,
			);
		};
/* End PBXProject section */

/* Begin PBXResourcesBuildPhase section */
		B58AAAA41EE81150003F033B /* Resources */ = {
			isa = PBXResourcesBuildPhase;
			buildActionMask = 2147483647;
			files = (
				B58AAABC1EE81150003F033B /* LaunchScreen.storyboard in Resources */,
				B58AAAB91EE81150003F033B /* Assets.xcassets in Resources */,
				B57FBAA71EE900E200D97C29 /* RAC_TempVC.xib in Resources */,
				B58AAAB71EE81150003F033B /* Main.storyboard in Resources */,
			);
			runOnlyForDeploymentPostprocessing = 0;
		};
/* End PBXResourcesBuildPhase section */

/* Begin PBXShellScriptBuildPhase section */
		38009293F90EAF4652C39128 /* [CP] Check Pods Manifest.lock */ = {
			isa = PBXShellScriptBuildPhase;
			buildActionMask = 2147483647;
			files = (
			);
			inputPaths = (
			);
			name = "[CP] Check Pods Manifest.lock";
			outputPaths = (
			);
			runOnlyForDeploymentPostprocessing = 0;
			shellPath = /bin/sh;
			shellScript = "diff \"${PODS_ROOT}/../Podfile.lock\" \"${PODS_ROOT}/Manifest.lock\" > /dev/null\nif [ $? != 0 ] ; then\n    # print error to STDERR\n    echo \"error: The sandbox is not in sync with the Podfile.lock. Run 'pod install' or update your CocoaPods installation.\" >&2\n    exit 1\nfi\n";
			showEnvVarsInLog = 0;
		};
		4BC4B4B25B6B856DADC0874E /* [CP] Embed Pods Frameworks */ = {
			isa = PBXShellScriptBuildPhase;
			buildActionMask = 2147483647;
			files = (
			);
			inputPaths = (
			);
			name = "[CP] Embed Pods Frameworks";
			outputPaths = (
			);
			runOnlyForDeploymentPostprocessing = 0;
			shellPath = /bin/sh;
			shellScript = "\"${SRCROOT}/../Pods/Target Support Files/Pods-ReactiveObjCDemo/Pods-ReactiveObjCDemo-frameworks.sh\"\n";
			showEnvVarsInLog = 0;
		};
		A9564A9F52422DE954E8D730 /* [CP] Copy Pods Resources */ = {
			isa = PBXShellScriptBuildPhase;
			buildActionMask = 2147483647;
			files = (
			);
			inputPaths = (
			);
			name = "[CP] Copy Pods Resources";
			outputPaths = (
			);
			runOnlyForDeploymentPostprocessing = 0;
			shellPath = /bin/sh;
			shellScript = "\"${SRCROOT}/../Pods/Target Support Files/Pods-ReactiveObjCDemo/Pods-ReactiveObjCDemo-resources.sh\"\n";
			showEnvVarsInLog = 0;
		};
/* End PBXShellScriptBuildPhase section */

/* Begin PBXSourcesBuildPhase section */
		B58AAAA21EE81150003F033B /* Sources */ = {
			isa = PBXSourcesBuildPhase;
			buildActionMask = 2147483647;
			files = (
				B58AAAAE1EE81150003F033B /* AppDelegate.m in Sources */,
				B58AAAD61EE81212003F033B /* LoginViewModel.m in Sources */,
				B57FBAB41EE92B8E00D97C29 /* TableViewDataVC.m in Sources */,
				B57FBAA61EE900E200D97C29 /* RAC_TempVC.m in Sources */,
				B58AAAD51EE81212003F033B /* LoginVC.m in Sources */,
				B58AAAD21EE81212003F033B /* RAC_UsageVC.m in Sources */,
				B58AAAD71EE81212003F033B /* OkView.m in Sources */,
				B57FBAB81EE92C1800D97C29 /* TableDataModel.m in Sources */,
				B58AAAAB1EE81150003F033B /* main.m in Sources */,
			);
			runOnlyForDeploymentPostprocessing = 0;
		};
/* End PBXSourcesBuildPhase section */

/* Begin PBXVariantGroup section */
		B58AAAB51EE81150003F033B /* Main.storyboard */ = {
			isa = PBXVariantGroup;
			children = (
				B58AAAB61EE81150003F033B /* Base */,
			);
			name = Main.storyboard;
			sourceTree = "<group>";
		};
		B58AAABA1EE81150003F033B /* LaunchScreen.storyboard */ = {
			isa = PBXVariantGroup;
			children = (
				B58AAABB1EE81150003F033B /* Base */,
			);
			name = LaunchScreen.storyboard;
			sourceTree = "<group>";
		};
/* End PBXVariantGroup section */

/* Begin XCBuildConfiguration section */
		B58AAABE1EE81150003F033B /* Debug */ = {
			isa = XCBuildConfiguration;
			buildSettings = {
				ALWAYS_SEARCH_USER_PATHS = NO;
				CLANG_ANALYZER_NONNULL = YES;
				CLANG_ANALYZER_NUMBER_OBJECT_CONVERSION = YES_AGGRESSIVE;
				CLANG_CXX_LANGUAGE_STANDARD = "gnu++0x";
				CLANG_CXX_LIBRARY = "libc++";
				CLANG_ENABLE_MODULES = YES;
				CLANG_ENABLE_OBJC_ARC = YES;
				CLANG_WARN_BOOL_CONVERSION = YES;
				CLANG_WARN_CONSTANT_CONVERSION = YES;
				CLANG_WARN_DIRECT_OBJC_ISA_USAGE = YES_ERROR;
				CLANG_WARN_DOCUMENTATION_COMMENTS = YES;
				CLANG_WARN_EMPTY_BODY = YES;
				CLANG_WARN_ENUM_CONVERSION = YES;
				CLANG_WARN_INFINITE_RECURSION = YES;
				CLANG_WARN_INT_CONVERSION = YES;
				CLANG_WARN_OBJC_ROOT_CLASS = YES_ERROR;
				CLANG_WARN_SUSPICIOUS_MOVE = YES;
				CLANG_WARN_UNREACHABLE_CODE = YES;
				CLANG_WARN__DUPLICATE_METHOD_MATCH = YES;
				"CODE_SIGN_IDENTITY[sdk=iphoneos*]" = "iPhone Developer";
				COPY_PHASE_STRIP = NO;
				DEBUG_INFORMATION_FORMAT = dwarf;
				ENABLE_STRICT_OBJC_MSGSEND = YES;
				ENABLE_TESTABILITY = YES;
				GCC_C_LANGUAGE_STANDARD = gnu99;
				GCC_DYNAMIC_NO_PIC = NO;
				GCC_NO_COMMON_BLOCKS = YES;
				GCC_OPTIMIZATION_LEVEL = 0;
				GCC_PREPROCESSOR_DEFINITIONS = (
					"DEBUG=1",
					"$(inherited)",
				);
				GCC_WARN_64_TO_32_BIT_CONVERSION = YES;
				GCC_WARN_ABOUT_RETURN_TYPE = YES_ERROR;
				GCC_WARN_UNDECLARED_SELECTOR = YES;
				GCC_WARN_UNINITIALIZED_AUTOS = YES_AGGRESSIVE;
				GCC_WARN_UNUSED_FUNCTION = YES;
				GCC_WARN_UNUSED_VARIABLE = YES;
				IPHONEOS_DEPLOYMENT_TARGET = 10.3;
				MTL_ENABLE_DEBUG_INFO = YES;
				ONLY_ACTIVE_ARCH = YES;
				SDKROOT = iphoneos;
			};
			name = Debug;
		};
		B58AAABF1EE81150003F033B /* Release */ = {
			isa = XCBuildConfiguration;
			buildSettings = {
				ALWAYS_SEARCH_USER_PATHS = NO;
				CLANG_ANALYZER_NONNULL = YES;
				CLANG_ANALYZER_NUMBER_OBJECT_CONVERSION = YES_AGGRESSIVE;
				CLANG_CXX_LANGUAGE_STANDARD = "gnu++0x";
				CLANG_CXX_LIBRARY = "libc++";
				CLANG_ENABLE_MODULES = YES;
				CLANG_ENABLE_OBJC_ARC = YES;
				CLANG_WARN_BOOL_CONVERSION = YES;
				CLANG_WARN_CONSTANT_CONVERSION = YES;
				CLANG_WARN_DIRECT_OBJC_ISA_USAGE = YES_ERROR;
				CLANG_WARN_DOCUMENTATION_COMMENTS = YES;
				CLANG_WARN_EMPTY_BODY = YES;
				CLANG_WARN_ENUM_CONVERSION = YES;
				CLANG_WARN_INFINITE_RECURSION = YES;
				CLANG_WARN_INT_CONVERSION = YES;
				CLANG_WARN_OBJC_ROOT_CLASS = YES_ERROR;
				CLANG_WARN_SUSPICIOUS_MOVE = YES;
				CLANG_WARN_UNREACHABLE_CODE = YES;
				CLANG_WARN__DUPLICATE_METHOD_MATCH = YES;
				"CODE_SIGN_IDENTITY[sdk=iphoneos*]" = "iPhone Developer";
				COPY_PHASE_STRIP = NO;
				DEBUG_INFORMATION_FORMAT = "dwarf-with-dsym";
				ENABLE_NS_ASSERTIONS = NO;
				ENABLE_STRICT_OBJC_MSGSEND = YES;
				GCC_C_LANGUAGE_STANDARD = gnu99;
				GCC_NO_COMMON_BLOCKS = YES;
				GCC_WARN_64_TO_32_BIT_CONVERSION = YES;
				GCC_WARN_ABOUT_RETURN_TYPE = YES_ERROR;
				GCC_WARN_UNDECLARED_SELECTOR = YES;
				GCC_WARN_UNINITIALIZED_AUTOS = YES_AGGRESSIVE;
				GCC_WARN_UNUSED_FUNCTION = YES;
				GCC_WARN_UNUSED_VARIABLE = YES;
				IPHONEOS_DEPLOYMENT_TARGET = 10.3;
				MTL_ENABLE_DEBUG_INFO = NO;
				SDKROOT = iphoneos;
				VALIDATE_PRODUCT = YES;
			};
			name = Release;
		};
		B58AAAC11EE81150003F033B /* Debug */ = {
			isa = XCBuildConfiguration;
			baseConfigurationReference = 92FF33B454F868FBB6ED3127 /* Pods-ReactiveObjCDemo.debug.xcconfig */;
			buildSettings = {
				ASSETCATALOG_COMPILER_APPICON_NAME = AppIcon;
				DEVELOPMENT_TEAM = P8FFNR95EQ;
				HEADER_SEARCH_PATHS = "$(SRCROOT)/../CommonFrameWork/**";
				INFOPLIST_FILE = ReactiveObjCDemo/Info.plist;
				LD_RUNPATH_SEARCH_PATHS = "$(inherited) @executable_path/Frameworks";
				PRODUCT_BUNDLE_IDENTIFIER = com.test.luke.ReactiveObjCDemo;
				PRODUCT_NAME = "$(TARGET_NAME)";
			};
			name = Debug;
		};
		B58AAAC21EE81150003F033B /* Release */ = {
			isa = XCBuildConfiguration;
			baseConfigurationReference = 7489C7B8DC008731AA975DA5 /* Pods-ReactiveObjCDemo.release.xcconfig */;
			buildSettings = {
				ASSETCATALOG_COMPILER_APPICON_NAME = AppIcon;
				DEVELOPMENT_TEAM = P8FFNR95EQ;
				HEADER_SEARCH_PATHS = "$(SRCROOT)/../CommonFrameWork/**";
				INFOPLIST_FILE = ReactiveObjCDemo/Info.plist;
				LD_RUNPATH_SEARCH_PATHS = "$(inherited) @executable_path/Frameworks";
				PRODUCT_BUNDLE_IDENTIFIER = com.test.luke.ReactiveObjCDemo;
				PRODUCT_NAME = "$(TARGET_NAME)";
			};
			name = Release;
		};
/* End XCBuildConfiguration section */

/* Begin XCConfigurationList section */
		B58AAAA11EE81150003F033B /* Build configuration list for PBXProject "ReactiveObjCDemo" */ = {
			isa = XCConfigurationList;
			buildConfigurations = (
				B58AAABE1EE81150003F033B /* Debug */,
				B58AAABF1EE81150003F033B /* Release */,
			);
			defaultConfigurationIsVisible = 0;
			defaultConfigurationName = Release;
		};
		B58AAAC01EE81150003F033B /* Build configuration list for PBXNativeTarget "ReactiveObjCDemo" */ = {
			isa = XCConfigurationList;
			buildConfigurations = (
				B58AAAC11EE81150003F033B /* Debug */,
				B58AAAC21EE81150003F033B /* Release */,
			);
			defaultConfigurationIsVisible = 0;
			defaultConfigurationName = Release;
		};
/* End XCConfigurationList section */
	};
	rootObject = B58AAA9E1EE81150003F033B /* Project object */;
}
