// !$*UTF8*$!
{
	archiveVersion = 1;
	classes = {
	};
	objectVersion = 46;
	objects = {

/* Begin PBXBuildFile section */
		34A6EA1E4FF2E264357F8499 /* libPods-PodsDemo.a in Frameworks */ = {isa = PBXBuildFile; fileRef = 629FE69316996003D0C87935 /* libPods-PodsDemo.a */; };
		B50311A31E1E621400C11EC4 /* CommonFrameWork.framework in Frameworks */ = {isa = PBXBuildFile; fileRef = B50311A21E1E621400C11EC4 /* CommonFrameWork.framework */; };
		B50311A41E1E621400C11EC4 /* CommonFrameWork.framework in Embed Frameworks */ = {isa = PBXBuildFile; fileRef = B50311A21E1E621400C11EC4 /* CommonFrameWork.framework */; settings = {ATTRIBUTES = (CodeSignOnCopy, RemoveHeadersOnCopy, ); }; };
		B56CE3B71E35AE1000B2EB30 /* DemoVC.m in Sources */ = {isa = PBXBuildFile; fileRef = B56CE3B51E35AE1000B2EB30 /* DemoVC.m */; };
		B56CE3B81E35AE1000B2EB30 /* DemoVC.xib in Resources */ = {isa = PBXBuildFile; fileRef = B56CE3B61E35AE1000B2EB30 /* DemoVC.xib */; };
		B57A67051E1E4B0200ACB5EC /* main.m in Sources */ = {isa = PBXBuildFile; fileRef = B57A67041E1E4B0200ACB5EC /* main.m */; };
		B57A67081E1E4B0200ACB5EC /* AppDelegate.m in Sources */ = {isa = PBXBuildFile; fileRef = B57A67071E1E4B0200ACB5EC /* AppDelegate.m */; };
		B57A670B1E1E4B0200ACB5EC /* FirstViewController.m in Sources */ = {isa = PBXBuildFile; fileRef = B57A670A1E1E4B0200ACB5EC /* FirstViewController.m */; };
		B57A670E1E1E4B0200ACB5EC /* SecondViewController.m in Sources */ = {isa = PBXBuildFile; fileRef = B57A670D1E1E4B0200ACB5EC /* SecondViewController.m */; };
		B57A67111E1E4B0200ACB5EC /* Main.storyboard in Resources */ = {isa = PBXBuildFile; fileRef = B57A670F1E1E4B0200ACB5EC /* Main.storyboard */; };
		B57A67131E1E4B0200ACB5EC /* Assets.xcassets in Resources */ = {isa = PBXBuildFile; fileRef = B57A67121E1E4B0200ACB5EC /* Assets.xcassets */; };
		B57A67161E1E4B0200ACB5EC /* LaunchScreen.storyboard in Resources */ = {isa = PBXBuildFile; fileRef = B57A67141E1E4B0200ACB5EC /* LaunchScreen.storyboard */; };
/* End PBXBuildFile section */

/* Begin PBXCopyFilesBuildPhase section */
		B50311A11E1E61E100C11EC4 /* Embed Frameworks */ = {
			isa = PBXCopyFilesBuildPhase;
			buildActionMask = 2147483647;
			dstPath = "";
			dstSubfolderSpec = 10;
			files = (
				B50311A41E1E621400C11EC4 /* CommonFrameWork.framework in Embed Frameworks */,
			);
			name = "Embed Frameworks";
			runOnlyForDeploymentPostprocessing = 0;
		};
/* End PBXCopyFilesBuildPhase section */

/* Begin PBXFileReference section */
		629FE69316996003D0C87935 /* libPods-PodsDemo.a */ = {isa = PBXFileReference; explicitFileType = archive.ar; includeInIndex = 0; path = "libPods-PodsDemo.a"; sourceTree = BUILT_PRODUCTS_DIR; };
		B50311A21E1E621400C11EC4 /* CommonFrameWork.framework */ = {isa = PBXFileReference; explicitFileType = wrapper.framework; path = CommonFrameWork.framework; sourceTree = BUILT_PRODUCTS_DIR; };
		B56CE3B41E35AE1000B2EB30 /* DemoVC.h */ = {isa = PBXFileReference; fileEncoding = 4; lastKnownFileType = sourcecode.c.h; path = DemoVC.h; sourceTree = "<group>"; };
		B56CE3B51E35AE1000B2EB30 /* DemoVC.m */ = {isa = PBXFileReference; fileEncoding = 4; lastKnownFileType = sourcecode.c.objc; path = DemoVC.m; sourceTree = "<group>"; };
		B56CE3B61E35AE1000B2EB30 /* DemoVC.xib */ = {isa = PBXFileReference; fileEncoding = 4; lastKnownFileType = file.xib; path = DemoVC.xib; sourceTree = "<group>"; };
		B57A67001E1E4B0200ACB5EC /* PodsDemo.app */ = {isa = PBXFileReference; explicitFileType = wrapper.application; includeInIndex = 0; path = PodsDemo.app; sourceTree = BUILT_PRODUCTS_DIR; };
		B57A67041E1E4B0200ACB5EC /* main.m */ = {isa = PBXFileReference; lastKnownFileType = sourcecode.c.objc; path = main.m; sourceTree = "<group>"; };
		B57A67061E1E4B0200ACB5EC /* AppDelegate.h */ = {isa = PBXFileReference; lastKnownFileType = sourcecode.c.h; path = AppDelegate.h; sourceTree = "<group>"; };
		B57A67071E1E4B0200ACB5EC /* AppDelegate.m */ = {isa = PBXFileReference; lastKnownFileType = sourcecode.c.objc; path = AppDelegate.m; sourceTree = "<group>"; };
		B57A67091E1E4B0200ACB5EC /* FirstViewController.h */ = {isa = PBXFileReference; lastKnownFileType = sourcecode.c.h; path = FirstViewController.h; sourceTree = "<group>"; };
		B57A670A1E1E4B0200ACB5EC /* FirstViewController.m */ = {isa = PBXFileReference; lastKnownFileType = sourcecode.c.objc; path = FirstViewController.m; sourceTree = "<group>"; };
		B57A670C1E1E4B0200ACB5EC /* SecondViewController.h */ = {isa = PBXFileReference; lastKnownFileType = sourcecode.c.h; path = SecondViewController.h; sourceTree = "<group>"; };
		B57A670D1E1E4B0200ACB5EC /* SecondViewController.m */ = {isa = PBXFileReference; lastKnownFileType = sourcecode.c.objc; path = SecondViewController.m; sourceTree = "<group>"; };
		B57A67101E1E4B0200ACB5EC /* Base */ = {isa = PBXFileReference; lastKnownFileType = file.storyboard; name = Base; path = Base.lproj/Main.storyboard; sourceTree = "<group>"; };
		B57A67121E1E4B0200ACB5EC /* Assets.xcassets */ = {isa = PBXFileReference; lastKnownFileType = folder.assetcatalog; path = Assets.xcassets; sourceTree = "<group>"; };
		B57A67151E1E4B0200ACB5EC /* Base */ = {isa = PBXFileReference; lastKnownFileType = file.storyboard; name = Base; path = Base.lproj/LaunchScreen.storyboard; sourceTree = "<group>"; };
		B57A67171E1E4B0200ACB5EC /* Info.plist */ = {isa = PBXFileReference; lastKnownFileType = text.plist.xml; path = Info.plist; sourceTree = "<group>"; };
		C5AEA028D6E5E0A20A55CAFB /* Pods-PodsDemo.debug.xcconfig */ = {isa = PBXFileReference; includeInIndex = 1; lastKnownFileType = text.xcconfig; name = "Pods-PodsDemo.debug.xcconfig"; path = "../Pods/Target Support Files/Pods-PodsDemo/Pods-PodsDemo.debug.xcconfig"; sourceTree = "<group>"; };
		EC8C6AC30B5C3C51907ED539 /* Pods-PodsDemo.release.xcconfig */ = {isa = PBXFileReference; includeInIndex = 1; lastKnownFileType = text.xcconfig; name = "Pods-PodsDemo.release.xcconfig"; path = "../Pods/Target Support Files/Pods-PodsDemo/Pods-PodsDemo.release.xcconfig"; sourceTree = "<group>"; };
/* End PBXFileReference section */

/* Begin PBXFrameworksBuildPhase section */
		B57A66FD1E1E4B0200ACB5EC /* Frameworks */ = {
			isa = PBXFrameworksBuildPhase;
			buildActionMask = 2147483647;
			files = (
				B50311A31E1E621400C11EC4 /* CommonFrameWork.framework in Frameworks */,
				34A6EA1E4FF2E264357F8499 /* libPods-PodsDemo.a in Frameworks */,
			);
			runOnlyForDeploymentPostprocessing = 0;
		};
/* End PBXFrameworksBuildPhase section */

/* Begin PBXGroup section */
		00AF5D94B71782947DB2E3FF /* Pods */ = {
			isa = PBXGroup;
			children = (
				C5AEA028D6E5E0A20A55CAFB /* Pods-PodsDemo.debug.xcconfig */,
				EC8C6AC30B5C3C51907ED539 /* Pods-PodsDemo.release.xcconfig */,
			);
			name = Pods;
			sourceTree = "<group>";
		};
		B57A66F71E1E4B0200ACB5EC = {
			isa = PBXGroup;
			children = (
				B57A67021E1E4B0200ACB5EC /* PodsDemo */,
				B57A67011E1E4B0200ACB5EC /* Products */,
				00AF5D94B71782947DB2E3FF /* Pods */,
				E08F1FE0C5037AB24CC98CD6 /* Frameworks */,
			);
			sourceTree = "<group>";
		};
		B57A67011E1E4B0200ACB5EC /* Products */ = {
			isa = PBXGroup;
			children = (
				B57A67001E1E4B0200ACB5EC /* PodsDemo.app */,
			);
			name = Products;
			sourceTree = "<group>";
		};
		B57A67021E1E4B0200ACB5EC /* PodsDemo */ = {
			isa = PBXGroup;
			children = (
				B57A67061E1E4B0200ACB5EC /* AppDelegate.h */,
				B57A67071E1E4B0200ACB5EC /* AppDelegate.m */,
				B57A67091E1E4B0200ACB5EC /* FirstViewController.h */,
				B57A670A1E1E4B0200ACB5EC /* FirstViewController.m */,
				B57A670C1E1E4B0200ACB5EC /* SecondViewController.h */,
				B57A670D1E1E4B0200ACB5EC /* SecondViewController.m */,
				B56CE3B41E35AE1000B2EB30 /* DemoVC.h */,
				B56CE3B51E35AE1000B2EB30 /* DemoVC.m */,
				B56CE3B61E35AE1000B2EB30 /* DemoVC.xib */,
				B57A670F1E1E4B0200ACB5EC /* Main.storyboard */,
				B57A67121E1E4B0200ACB5EC /* Assets.xcassets */,
				B57A67141E1E4B0200ACB5EC /* LaunchScreen.storyboard */,
				B57A67171E1E4B0200ACB5EC /* Info.plist */,
				B57A67031E1E4B0200ACB5EC /* Supporting Files */,
			);
			path = PodsDemo;
			sourceTree = "<group>";
		};
		B57A67031E1E4B0200ACB5EC /* Supporting Files */ = {
			isa = PBXGroup;
			children = (
				B57A67041E1E4B0200ACB5EC /* main.m */,
			);
			name = "Supporting Files";
			sourceTree = "<group>";
		};
		E08F1FE0C5037AB24CC98CD6 /* Frameworks */ = {
			isa = PBXGroup;
			children = (
				B50311A21E1E621400C11EC4 /* CommonFrameWork.framework */,
				629FE69316996003D0C87935 /* libPods-PodsDemo.a */,
			);
			name = Frameworks;
			sourceTree = "<group>";
		};
/* End PBXGroup section */

/* Begin PBXNativeTarget section */
		B57A66FF1E1E4B0200ACB5EC /* PodsDemo */ = {
			isa = PBXNativeTarget;
			buildConfigurationList = B57A671A1E1E4B0200ACB5EC /* Build configuration list for PBXNativeTarget "PodsDemo" */;
			buildPhases = (
				F20B0A0823F1700A6DC9E89A /* [CP] Check Pods Manifest.lock */,
				B57A66FC1E1E4B0200ACB5EC /* Sources */,
				B57A66FD1E1E4B0200ACB5EC /* Frameworks */,
				B57A66FE1E1E4B0200ACB5EC /* Resources */,
				ADD9F92568BBCBF5D99DFA93 /* [CP] Embed Pods Frameworks */,
				507F7DDBDA17C2FB6102CF84 /* [CP] Copy Pods Resources */,
				B50311A11E1E61E100C11EC4 /* Embed Frameworks */,
				A30693541E1EA6F20023DE5E /* Run Script */,
			);
			buildRules = (
			);
			dependencies = (
			);
			name = PodsDemo;
			productName = PodsDemo;
			productReference = B57A67001E1E4B0200ACB5EC /* PodsDemo.app */;
			productType = "com.apple.product-type.application";
		};
/* End PBXNativeTarget section */

/* Begin PBXProject section */
		B57A66F81E1E4B0200ACB5EC /* Project object */ = {
			isa = PBXProject;
			attributes = {
				LastUpgradeCheck = 0810;
				ORGANIZATIONNAME = okdeer;
				TargetAttributes = {
					B57A66FF1E1E4B0200ACB5EC = {
						CreatedOnToolsVersion = 8.1;
						DevelopmentTeam = P8FFNR95EQ;
						ProvisioningStyle = Automatic;
					};
				};
			};
			buildConfigurationList = B57A66FB1E1E4B0200ACB5EC /* Build configuration list for PBXProject "PodsDemo" */;
			compatibilityVersion = "Xcode 3.2";
			developmentRegion = English;
			hasScannedForEncodings = 0;
			knownRegions = (
				en,
				Base,
			);
			mainGroup = B57A66F71E1E4B0200ACB5EC;
			productRefGroup = B57A67011E1E4B0200ACB5EC /* Products */;
			projectDirPath = "";
			projectRoot = "";
			targets = (
				B57A66FF1E1E4B0200ACB5EC /* PodsDemo */,
			);
		};
/* End PBXProject section */

/* Begin PBXResourcesBuildPhase section */
		B57A66FE1E1E4B0200ACB5EC /* Resources */ = {
			isa = PBXResourcesBuildPhase;
			buildActionMask = 2147483647;
			files = (
				B57A67161E1E4B0200ACB5EC /* LaunchScreen.storyboard in Resources */,
				B56CE3B81E35AE1000B2EB30 /* DemoVC.xib in Resources */,
				B57A67131E1E4B0200ACB5EC /* Assets.xcassets in Resources */,
				B57A67111E1E4B0200ACB5EC /* Main.storyboard in Resources */,
			);
			runOnlyForDeploymentPostprocessing = 0;
		};
/* End PBXResourcesBuildPhase section */

/* Begin PBXShellScriptBuildPhase section */
		507F7DDBDA17C2FB6102CF84 /* [CP] Copy Pods Resources */ = {
			isa = PBXShellScriptBuildPhase;
			buildActionMask = 2147483647;
			files = (
			);
			inputPaths = (
			);
			name = "[CP] Copy Pods Resources";
			outputPaths = (
			);
			runOnlyForDeploymentPostprocessing = 0;
			shellPath = /bin/sh;
			shellScript = "\"${SRCROOT}/../Pods/Target Support Files/Pods-PodsDemo/Pods-PodsDemo-resources.sh\"\n";
			showEnvVarsInLog = 0;
		};
		A30693541E1EA6F20023DE5E /* Run Script */ = {
			isa = PBXShellScriptBuildPhase;
			buildActionMask = 2147483647;
			files = (
			);
			inputPaths = (
			);
			name = "Run Script";
			outputPaths = (
			);
			runOnlyForDeploymentPostprocessing = 0;
			shellPath = /bin/sh;
			shellScript = "Type a script or drag a script file from your workspace to insert its path";
		};
		ADD9F92568BBCBF5D99DFA93 /* [CP] Embed Pods Frameworks */ = {
			isa = PBXShellScriptBuildPhase;
			buildActionMask = 2147483647;
			files = (
			);
			inputPaths = (
			);
			name = "[CP] Embed Pods Frameworks";
			outputPaths = (
			);
			runOnlyForDeploymentPostprocessing = 0;
			shellPath = /bin/sh;
			shellScript = "\"${SRCROOT}/../Pods/Target Support Files/Pods-PodsDemo/Pods-PodsDemo-frameworks.sh\"\n";
			showEnvVarsInLog = 0;
		};
		F20B0A0823F1700A6DC9E89A /* [CP] Check Pods Manifest.lock */ = {
			isa = PBXShellScriptBuildPhase;
			buildActionMask = 2147483647;
			files = (
			);
			inputPaths = (
			);
			name = "[CP] Check Pods Manifest.lock";
			outputPaths = (
			);
			runOnlyForDeploymentPostprocessing = 0;
			shellPath = /bin/sh;
			shellScript = "diff \"${PODS_ROOT}/../Podfile.lock\" \"${PODS_ROOT}/Manifest.lock\" > /dev/null\nif [ $? != 0 ] ; then\n    # print error to STDERR\n    echo \"error: The sandbox is not in sync with the Podfile.lock. Run 'pod install' or update your CocoaPods installation.\" >&2\n    exit 1\nfi\n";
			showEnvVarsInLog = 0;
		};
/* End PBXShellScriptBuildPhase section */

/* Begin PBXSourcesBuildPhase section */
		B57A66FC1E1E4B0200ACB5EC /* Sources */ = {
			isa = PBXSourcesBuildPhase;
			buildActionMask = 2147483647;
			files = (
				B57A670E1E1E4B0200ACB5EC /* SecondViewController.m in Sources */,
				B57A67081E1E4B0200ACB5EC /* AppDelegate.m in Sources */,
				B57A670B1E1E4B0200ACB5EC /* FirstViewController.m in Sources */,
				B56CE3B71E35AE1000B2EB30 /* DemoVC.m in Sources */,
				B57A67051E1E4B0200ACB5EC /* main.m in Sources */,
			);
			runOnlyForDeploymentPostprocessing = 0;
		};
/* End PBXSourcesBuildPhase section */

/* Begin PBXVariantGroup section */
		B57A670F1E1E4B0200ACB5EC /* Main.storyboard */ = {
			isa = PBXVariantGroup;
			children = (
				B57A67101E1E4B0200ACB5EC /* Base */,
			);
			name = Main.storyboard;
			sourceTree = "<group>";
		};
		B57A67141E1E4B0200ACB5EC /* LaunchScreen.storyboard */ = {
			isa = PBXVariantGroup;
			children = (
				B57A67151E1E4B0200ACB5EC /* Base */,
			);
			name = LaunchScreen.storyboard;
			sourceTree = "<group>";
		};
/* End PBXVariantGroup section */

/* Begin XCBuildConfiguration section */
		B57A67181E1E4B0200ACB5EC /* Debug */ = {
			isa = XCBuildConfiguration;
			buildSettings = {
				ALWAYS_SEARCH_USER_PATHS = NO;
				CLANG_ANALYZER_NONNULL = YES;
				CLANG_CXX_LANGUAGE_STANDARD = "gnu++0x";
				CLANG_CXX_LIBRARY = "libc++";
				CLANG_ENABLE_MODULES = YES;
				CLANG_ENABLE_OBJC_ARC = YES;
				CLANG_WARN_BOOL_CONVERSION = YES;
				CLANG_WARN_CONSTANT_CONVERSION = YES;
				CLANG_WARN_DIRECT_OBJC_ISA_USAGE = YES_ERROR;
				CLANG_WARN_DOCUMENTATION_COMMENTS = YES;
				CLANG_WARN_EMPTY_BODY = YES;
				CLANG_WARN_ENUM_CONVERSION = YES;
				CLANG_WARN_INFINITE_RECURSION = YES;
				CLANG_WARN_INT_CONVERSION = YES;
				CLANG_WARN_OBJC_ROOT_CLASS = YES_ERROR;
				CLANG_WARN_SUSPICIOUS_MOVES = YES;
				CLANG_WARN_UNREACHABLE_CODE = YES;
				CLANG_WARN__DUPLICATE_METHOD_MATCH = YES;
				"CODE_SIGN_IDENTITY[sdk=iphoneos*]" = "iPhone Developer";
				COPY_PHASE_STRIP = NO;
				DEBUG_INFORMATION_FORMAT = dwarf;
				ENABLE_STRICT_OBJC_MSGSEND = YES;
				ENABLE_TESTABILITY = YES;
				GCC_C_LANGUAGE_STANDARD = gnu99;
				GCC_DYNAMIC_NO_PIC = NO;
				GCC_NO_COMMON_BLOCKS = YES;
				GCC_OPTIMIZATION_LEVEL = 0;
				GCC_PREPROCESSOR_DEFINITIONS = (
					"DEBUG=1",
					"$(inherited)",
				);
				GCC_WARN_64_TO_32_BIT_CONVERSION = YES;
				GCC_WARN_ABOUT_RETURN_TYPE = YES_ERROR;
				GCC_WARN_UNDECLARED_SELECTOR = YES;
				GCC_WARN_UNINITIALIZED_AUTOS = YES_AGGRESSIVE;
				GCC_WARN_UNUSED_FUNCTION = YES;
				GCC_WARN_UNUSED_VARIABLE = YES;
				IPHONEOS_DEPLOYMENT_TARGET = 10.1;
				MTL_ENABLE_DEBUG_INFO = YES;
				ONLY_ACTIVE_ARCH = YES;
				SDKROOT = iphoneos;
				TARGETED_DEVICE_FAMILY = "1,2";
			};
			name = Debug;
		};
		B57A67191E1E4B0200ACB5EC /* Release */ = {
			isa = XCBuildConfiguration;
			buildSettings = {
				ALWAYS_SEARCH_USER_PATHS = NO;
				CLANG_ANALYZER_NONNULL = YES;
				CLANG_CXX_LANGUAGE_STANDARD = "gnu++0x";
				CLANG_CXX_LIBRARY = "libc++";
				CLANG_ENABLE_MODULES = YES;
				CLANG_ENABLE_OBJC_ARC = YES;
				CLANG_WARN_BOOL_CONVERSION = YES;
				CLANG_WARN_CONSTANT_CONVERSION = YES;
				CLANG_WARN_DIRECT_OBJC_ISA_USAGE = YES_ERROR;
				CLANG_WARN_DOCUMENTATION_COMMENTS = YES;
				CLANG_WARN_EMPTY_BODY = YES;
				CLANG_WARN_ENUM_CONVERSION = YES;
				CLANG_WARN_INFINITE_RECURSION = YES;
				CLANG_WARN_INT_CONVERSION = YES;
				CLANG_WARN_OBJC_ROOT_CLASS = YES_ERROR;
				CLANG_WARN_SUSPICIOUS_MOVES = YES;
				CLANG_WARN_UNREACHABLE_CODE = YES;
				CLANG_WARN__DUPLICATE_METHOD_MATCH = YES;
				"CODE_SIGN_IDENTITY[sdk=iphoneos*]" = "iPhone Developer";
				COPY_PHASE_STRIP = NO;
				DEBUG_INFORMATION_FORMAT = "dwarf-with-dsym";
				ENABLE_NS_ASSERTIONS = NO;
				ENABLE_STRICT_OBJC_MSGSEND = YES;
				GCC_C_LANGUAGE_STANDARD = gnu99;
				GCC_NO_COMMON_BLOCKS = YES;
				GCC_WARN_64_TO_32_BIT_CONVERSION = YES;
				GCC_WARN_ABOUT_RETURN_TYPE = YES_ERROR;
				GCC_WARN_UNDECLARED_SELECTOR = YES;
				GCC_WARN_UNINITIALIZED_AUTOS = YES_AGGRESSIVE;
				GCC_WARN_UNUSED_FUNCTION = YES;
				GCC_WARN_UNUSED_VARIABLE = YES;
				IPHONEOS_DEPLOYMENT_TARGET = 10.1;
				MTL_ENABLE_DEBUG_INFO = NO;
				SDKROOT = iphoneos;
				TARGETED_DEVICE_FAMILY = "1,2";
				VALIDATE_PRODUCT = YES;
			};
			name = Release;
		};
		B57A671B1E1E4B0200ACB5EC /* Debug */ = {
			isa = XCBuildConfiguration;
			baseConfigurationReference = C5AEA028D6E5E0A20A55CAFB /* Pods-PodsDemo.debug.xcconfig */;
			buildSettings = {
				ASSETCATALOG_COMPILER_APPICON_NAME = AppIcon;
				"CODE_SIGN_IDENTITY[sdk=iphoneos*]" = "iPhone Developer";
				DEVELOPMENT_TEAM = P8FFNR95EQ;
				FRAMEWORK_SEARCH_PATHS = "";
				HEADER_SEARCH_PATHS = (
					"$(inherited)",
					"\"${PODS_ROOT}/Headers/Public\"",
					"\"${PODS_ROOT}/Headers/Public/AFNetworking\"",
					"\"${PODS_ROOT}/Headers/Public/FMDB\"",
					"\"${PODS_ROOT}/Headers/Public/MJRefresh\"",
					"\"${PODS_ROOT}/Headers/Public/SDWebImage\"",
					"$(SRCROOT)/../CommonFrameWork/**",
				);
				INFOPLIST_FILE = PodsDemo/Info.plist;
				IPHONEOS_DEPLOYMENT_TARGET = 8.0;
				LD_RUNPATH_SEARCH_PATHS = "$(inherited) @executable_path/Frameworks";
				LIBRARY_SEARCH_PATHS = (
					"$(inherited)",
					"\"$PODS_CONFIGURATION_BUILD_DIR/AFNetworking\"",
					"\"$PODS_CONFIGURATION_BUILD_DIR/FMDB\"",
					"\"$PODS_CONFIGURATION_BUILD_DIR/MJRefresh\"",
					"\"$PODS_CONFIGURATION_BUILD_DIR/SDWebImage\"",
				);
				PRODUCT_BUNDLE_IDENTIFIER = com.test.PodsDemo;
				PRODUCT_NAME = "$(TARGET_NAME)";
			};
			name = Debug;
		};
		B57A671C1E1E4B0200ACB5EC /* Release */ = {
			isa = XCBuildConfiguration;
			baseConfigurationReference = EC8C6AC30B5C3C51907ED539 /* Pods-PodsDemo.release.xcconfig */;
			buildSettings = {
				ASSETCATALOG_COMPILER_APPICON_NAME = AppIcon;
				"CODE_SIGN_IDENTITY[sdk=iphoneos*]" = "iPhone Developer";
				DEVELOPMENT_TEAM = "";
				FRAMEWORK_SEARCH_PATHS = "";
				HEADER_SEARCH_PATHS = (
					"$(inherited)",
					"\"${PODS_ROOT}/Headers/Public\"",
					"\"${PODS_ROOT}/Headers/Public/AFNetworking\"",
					"\"${PODS_ROOT}/Headers/Public/FMDB\"",
					"\"${PODS_ROOT}/Headers/Public/MJRefresh\"",
					"\"${PODS_ROOT}/Headers/Public/SDWebImage\"",
					"$(SRCROOT)/../CommonFrameWork/**",
				);
				INFOPLIST_FILE = PodsDemo/Info.plist;
				IPHONEOS_DEPLOYMENT_TARGET = 8.0;
				LD_RUNPATH_SEARCH_PATHS = "$(inherited) @executable_path/Frameworks";
				LIBRARY_SEARCH_PATHS = (
					"$(inherited)",
					"\"$PODS_CONFIGURATION_BUILD_DIR/AFNetworking\"",
					"\"$PODS_CONFIGURATION_BUILD_DIR/FMDB\"",
					"\"$PODS_CONFIGURATION_BUILD_DIR/MJRefresh\"",
					"\"$PODS_CONFIGURATION_BUILD_DIR/SDWebImage\"",
				);
				PRODUCT_BUNDLE_IDENTIFIER = com.test.PodsDemo;
				PRODUCT_NAME = "$(TARGET_NAME)";
			};
			name = Release;
		};
/* End XCBuildConfiguration section */

/* Begin XCConfigurationList section */
		B57A66FB1E1E4B0200ACB5EC /* Build configuration list for PBXProject "PodsDemo" */ = {
			isa = XCConfigurationList;
			buildConfigurations = (
				B57A67181E1E4B0200ACB5EC /* Debug */,
				B57A67191E1E4B0200ACB5EC /* Release */,
			);
			defaultConfigurationIsVisible = 0;
			defaultConfigurationName = Release;
		};
		B57A671A1E1E4B0200ACB5EC /* Build configuration list for PBXNativeTarget "PodsDemo" */ = {
			isa = XCConfigurationList;
			buildConfigurations = (
				B57A671B1E1E4B0200ACB5EC /* Debug */,
				B57A671C1E1E4B0200ACB5EC /* Release */,
			);
			defaultConfigurationIsVisible = 0;
			defaultConfigurationName = Release;
		};
/* End XCConfigurationList section */
	};
	rootObject = B57A66F81E1E4B0200ACB5EC /* Project object */;
}
