// !$*UTF8*$!
{
	archiveVersion = 1;
	classes = {
	};
	objectVersion = 46;
	objects = {

/* Begin PBXBuildFile section */
		A38877771F683F9B003C9086 /* WebViewController.m in Sources */ = {isa = PBXBuildFile; fileRef = A38877761F683F9B003C9086 /* WebViewController.m */; };
		B5727CC41F62AAA500F278BA /* main.m in Sources */ = {isa = PBXBuildFile; fileRef = B5727CC31F62AAA500F278BA /* main.m */; };
		B5727CC71F62AAA500F278BA /* AppDelegate.m in Sources */ = {isa = PBXBuildFile; fileRef = B5727CC61F62AAA500F278BA /* AppDelegate.m */; };
		B5727CCA1F62AAA500F278BA /* ViewController.m in Sources */ = {isa = PBXBuildFile; fileRef = B5727CC91F62AAA500F278BA /* ViewController.m */; };
		B5727CCD1F62AAA500F278BA /* Main.storyboard in Resources */ = {isa = PBXBuildFile; fileRef = B5727CCB1F62AAA500F278BA /* Main.storyboard */; };
		B5727CCF1F62AAA500F278BA /* Assets.xcassets in Resources */ = {isa = PBXBuildFile; fileRef = B5727CCE1F62AAA500F278BA /* Assets.xcassets */; };
		B5727CD21F62AAA500F278BA /* LaunchScreen.storyboard in Resources */ = {isa = PBXBuildFile; fileRef = B5727CD01F62AAA500F278BA /* LaunchScreen.storyboard */; };
		B5B17AAB1F70B54A00E3C98D /* UserNotifications.framework in Frameworks */ = {isa = PBXBuildFile; fileRef = B5B17AAA1F70B54900E3C98D /* UserNotifications.framework */; };
/* End PBXBuildFile section */

/* Begin PBXFileReference section */
		A38877751F683F9B003C9086 /* WebViewController.h */ = {isa = PBXFileReference; fileEncoding = 4; lastKnownFileType = sourcecode.c.h; path = WebViewController.h; sourceTree = "<group>"; };
		A38877761F683F9B003C9086 /* WebViewController.m */ = {isa = PBXFileReference; fileEncoding = 4; lastKnownFileType = sourcecode.c.objc; path = WebViewController.m; sourceTree = "<group>"; };
		B5727CBF1F62AAA500F278BA /* MutableTargetDemo.app */ = {isa = PBXFileReference; explicitFileType = wrapper.application; includeInIndex = 0; path = MutableTargetDemo.app; sourceTree = BUILT_PRODUCTS_DIR; };
		B5727CC31F62AAA500F278BA /* main.m */ = {isa = PBXFileReference; lastKnownFileType = sourcecode.c.objc; path = main.m; sourceTree = "<group>"; };
		B5727CC51F62AAA500F278BA /* AppDelegate.h */ = {isa = PBXFileReference; lastKnownFileType = sourcecode.c.h; path = AppDelegate.h; sourceTree = "<group>"; };
		B5727CC61F62AAA500F278BA /* AppDelegate.m */ = {isa = PBXFileReference; lastKnownFileType = sourcecode.c.objc; path = AppDelegate.m; sourceTree = "<group>"; };
		B5727CC81F62AAA500F278BA /* ViewController.h */ = {isa = PBXFileReference; lastKnownFileType = sourcecode.c.h; path = ViewController.h; sourceTree = "<group>"; };
		B5727CC91F62AAA500F278BA /* ViewController.m */ = {isa = PBXFileReference; lastKnownFileType = sourcecode.c.objc; path = ViewController.m; sourceTree = "<group>"; };
		B5727CCC1F62AAA500F278BA /* Base */ = {isa = PBXFileReference; lastKnownFileType = file.storyboard; name = Base; path = Base.lproj/Main.storyboard; sourceTree = "<group>"; };
		B5727CCE1F62AAA500F278BA /* Assets.xcassets */ = {isa = PBXFileReference; lastKnownFileType = folder.assetcatalog; path = Assets.xcassets; sourceTree = "<group>"; };
		B5727CD11F62AAA500F278BA /* Base */ = {isa = PBXFileReference; lastKnownFileType = file.storyboard; name = Base; path = Base.lproj/LaunchScreen.storyboard; sourceTree = "<group>"; };
		B5727CD31F62AAA500F278BA /* Info.plist */ = {isa = PBXFileReference; lastKnownFileType = text.plist.xml; path = Info.plist; sourceTree = "<group>"; };
		B5727CDD1F62AEB100F278BA /* PrefixHeader.pch */ = {isa = PBXFileReference; fileEncoding = 4; lastKnownFileType = sourcecode.c.h; path = PrefixHeader.pch; sourceTree = "<group>"; };
		B5B17AA81F70B2DE00E3C98D /* MutableTargetDemo.entitlements */ = {isa = PBXFileReference; lastKnownFileType = text.plist.entitlements; path = MutableTargetDemo.entitlements; sourceTree = "<group>"; };
		B5B17AAA1F70B54900E3C98D /* UserNotifications.framework */ = {isa = PBXFileReference; lastKnownFileType = wrapper.framework; name = UserNotifications.framework; path = System/Library/Frameworks/UserNotifications.framework; sourceTree = SDKROOT; };
/* End PBXFileReference section */

/* Begin PBXFrameworksBuildPhase section */
		B5727CBC1F62AAA500F278BA /* Frameworks */ = {
			isa = PBXFrameworksBuildPhase;
			buildActionMask = 2147483647;
			files = (
				B5B17AAB1F70B54A00E3C98D /* UserNotifications.framework in Frameworks */,
			);
			runOnlyForDeploymentPostprocessing = 0;
		};
/* End PBXFrameworksBuildPhase section */

/* Begin PBXGroup section */
		B5727CB61F62AAA500F278BA = {
			isa = PBXGroup;
			children = (
				B5727CC11F62AAA500F278BA /* MutableTargetDemo */,
				B5727CC01F62AAA500F278BA /* Products */,
				B5B17AA91F70B54900E3C98D /* Frameworks */,
			);
			sourceTree = "<group>";
		};
		B5727CC01F62AAA500F278BA /* Products */ = {
			isa = PBXGroup;
			children = (
				B5727CBF1F62AAA500F278BA /* MutableTargetDemo.app */,
			);
			name = Products;
			sourceTree = "<group>";
		};
		B5727CC11F62AAA500F278BA /* MutableTargetDemo */ = {
			isa = PBXGroup;
			children = (
				B5B17AA81F70B2DE00E3C98D /* MutableTargetDemo.entitlements */,
				B5727CC51F62AAA500F278BA /* AppDelegate.h */,
				B5727CC61F62AAA500F278BA /* AppDelegate.m */,
				B5727CC81F62AAA500F278BA /* ViewController.h */,
				B5727CC91F62AAA500F278BA /* ViewController.m */,
				A38877751F683F9B003C9086 /* WebViewController.h */,
				A38877761F683F9B003C9086 /* WebViewController.m */,
				B5727CCB1F62AAA500F278BA /* Main.storyboard */,
				B5727CCE1F62AAA500F278BA /* Assets.xcassets */,
				B5727CD01F62AAA500F278BA /* LaunchScreen.storyboard */,
				B5727CD31F62AAA500F278BA /* Info.plist */,
				B5727CDD1F62AEB100F278BA /* PrefixHeader.pch */,
				B5727CC21F62AAA500F278BA /* Supporting Files */,
			);
			path = MutableTargetDemo;
			sourceTree = "<group>";
		};
		B5727CC21F62AAA500F278BA /* Supporting Files */ = {
			isa = PBXGroup;
			children = (
				B5727CC31F62AAA500F278BA /* main.m */,
			);
			name = "Supporting Files";
			sourceTree = "<group>";
		};
		B5B17AA91F70B54900E3C98D /* Frameworks */ = {
			isa = PBXGroup;
			children = (
				B5B17AAA1F70B54900E3C98D /* UserNotifications.framework */,
			);
			name = Frameworks;
			sourceTree = "<group>";
		};
/* End PBXGroup section */

/* Begin PBXNativeTarget section */
		B5727CBE1F62AAA500F278BA /* MutableTargetDemo */ = {
			isa = PBXNativeTarget;
			buildConfigurationList = B5727CD61F62AAA500F278BA /* Build configuration list for PBXNativeTarget "MutableTargetDemo" */;
			buildPhases = (
				B5727CBB1F62AAA500F278BA /* Sources */,
				B5727CBC1F62AAA500F278BA /* Frameworks */,
				B5727CBD1F62AAA500F278BA /* Resources */,
			);
			buildRules = (
			);
			dependencies = (
			);
			name = MutableTargetDemo;
			productName = MutableTargetDemo;
			productReference = B5727CBF1F62AAA500F278BA /* MutableTargetDemo.app */;
			productType = "com.apple.product-type.application";
		};
/* End PBXNativeTarget section */

/* Begin PBXProject section */
		B5727CB71F62AAA500F278BA /* Project object */ = {
			isa = PBXProject;
			attributes = {
				LastUpgradeCheck = 0900;
				ORGANIZATIONNAME = Luke;
				TargetAttributes = {
					B5727CBE1F62AAA500F278BA = {
						CreatedOnToolsVersion = 8.3.3;
						DevelopmentTeam = W222R58V26;
						ProvisioningStyle = Manual;
						SystemCapabilities = {
							com.apple.Push = {
								enabled = 1;
							};
						};
					};
				};
			};
			buildConfigurationList = B5727CBA1F62AAA500F278BA /* Build configuration list for PBXProject "MutableTargetDemo" */;
			compatibilityVersion = "Xcode 3.2";
			developmentRegion = English;
			hasScannedForEncodings = 0;
			knownRegions = (
				en,
				Base,
			);
			mainGroup = B5727CB61F62AAA500F278BA;
			productRefGroup = B5727CC01F62AAA500F278BA /* Products */;
			projectDirPath = "";
			projectRoot = "";
			targets = (
				B5727CBE1F62AAA500F278BA /* MutableTargetDemo */,
			);
		};
/* End PBXProject section */

/* Begin PBXResourcesBuildPhase section */
		B5727CBD1F62AAA500F278BA /* Resources */ = {
			isa = PBXResourcesBuildPhase;
			buildActionMask = 2147483647;
			files = (
				B5727CD21F62AAA500F278BA /* LaunchScreen.storyboard in Resources */,
				B5727CCF1F62AAA500F278BA /* Assets.xcassets in Resources */,
				B5727CCD1F62AAA500F278BA /* Main.storyboard in Resources */,
			);
			runOnlyForDeploymentPostprocessing = 0;
		};
/* End PBXResourcesBuildPhase section */

/* Begin PBXSourcesBuildPhase section */
		B5727CBB1F62AAA500F278BA /* Sources */ = {
			isa = PBXSourcesBuildPhase;
			buildActionMask = 2147483647;
			files = (
				B5727CCA1F62AAA500F278BA /* ViewController.m in Sources */,
				B5727CC71F62AAA500F278BA /* AppDelegate.m in Sources */,
				B5727CC41F62AAA500F278BA /* main.m in Sources */,
				A38877771F683F9B003C9086 /* WebViewController.m in Sources */,
			);
			runOnlyForDeploymentPostprocessing = 0;
		};
/* End PBXSourcesBuildPhase section */

/* Begin PBXVariantGroup section */
		B5727CCB1F62AAA500F278BA /* Main.storyboard */ = {
			isa = PBXVariantGroup;
			children = (
				B5727CCC1F62AAA500F278BA /* Base */,
			);
			name = Main.storyboard;
			sourceTree = "<group>";
		};
		B5727CD01F62AAA500F278BA /* LaunchScreen.storyboard */ = {
			isa = PBXVariantGroup;
			children = (
				B5727CD11F62AAA500F278BA /* Base */,
			);
			name = LaunchScreen.storyboard;
			sourceTree = "<group>";
		};
/* End PBXVariantGroup section */

/* Begin XCBuildConfiguration section */
		B5727CD51F62AAA500F278BA /* Release */ = {
			isa = XCBuildConfiguration;
			buildSettings = {
				ALWAYS_SEARCH_USER_PATHS = NO;
				CLANG_ANALYZER_NONNULL = YES;
				CLANG_ANALYZER_NUMBER_OBJECT_CONVERSION = YES_AGGRESSIVE;
				CLANG_CXX_LANGUAGE_STANDARD = "gnu++0x";
				CLANG_CXX_LIBRARY = "libc++";
				CLANG_ENABLE_MODULES = YES;
				CLANG_ENABLE_OBJC_ARC = YES;
				CLANG_WARN_BLOCK_CAPTURE_AUTORELEASING = YES;
				CLANG_WARN_BOOL_CONVERSION = YES;
				CLANG_WARN_COMMA = YES;
				CLANG_WARN_CONSTANT_CONVERSION = YES;
				CLANG_WARN_DIRECT_OBJC_ISA_USAGE = YES_ERROR;
				CLANG_WARN_DOCUMENTATION_COMMENTS = YES;
				CLANG_WARN_EMPTY_BODY = YES;
				CLANG_WARN_ENUM_CONVERSION = YES;
				CLANG_WARN_INFINITE_RECURSION = YES;
				CLANG_WARN_INT_CONVERSION = YES;
				CLANG_WARN_NON_LITERAL_NULL_CONVERSION = YES;
				CLANG_WARN_OBJC_LITERAL_CONVERSION = YES;
				CLANG_WARN_OBJC_ROOT_CLASS = YES_ERROR;
				CLANG_WARN_RANGE_LOOP_ANALYSIS = YES;
				CLANG_WARN_STRICT_PROTOTYPES = YES;
				CLANG_WARN_SUSPICIOUS_MOVE = YES;
				CLANG_WARN_UNREACHABLE_CODE = YES;
				CLANG_WARN__DUPLICATE_METHOD_MATCH = YES;
				"CODE_SIGN_IDENTITY[sdk=iphoneos*]" = "iPhone Developer";
				COPY_PHASE_STRIP = NO;
				DEBUG_INFORMATION_FORMAT = "dwarf-with-dsym";
				ENABLE_NS_ASSERTIONS = NO;
				ENABLE_STRICT_OBJC_MSGSEND = YES;
				GCC_C_LANGUAGE_STANDARD = gnu99;
				GCC_NO_COMMON_BLOCKS = YES;
				GCC_WARN_64_TO_32_BIT_CONVERSION = YES;
				GCC_WARN_ABOUT_RETURN_TYPE = YES_ERROR;
				GCC_WARN_UNDECLARED_SELECTOR = YES;
				GCC_WARN_UNINITIALIZED_AUTOS = YES_AGGRESSIVE;
				GCC_WARN_UNUSED_FUNCTION = YES;
				GCC_WARN_UNUSED_VARIABLE = YES;
				IPHONEOS_DEPLOYMENT_TARGET = 10.3;
				MTL_ENABLE_DEBUG_INFO = NO;
				SDKROOT = iphoneos;
				VALIDATE_PRODUCT = YES;
			};
			name = Release;
		};
		B5727CD81F62AAA500F278BA /* Release */ = {
			isa = XCBuildConfiguration;
			buildSettings = {
				APP_DISPLAY_NAME = "Release包";
				ASSETCATALOG_COMPILER_APPICON_NAME = "AppIcon-Release";
				ASSETCATALOG_COMPILER_LAUNCHIMAGE_NAME = "LaunchImage-Release";
				CODE_SIGN_ENTITLEMENTS = MutableTargetDemo/MutableTargetDemo.entitlements;
				"CODE_SIGN_IDENTITY[sdk=iphoneos*]" = "iPhone Distribution";
				DEVELOPMENT_TEAM = W222R58V26;
				GCC_PREFIX_HEADER = MutableTargetDemo/PrefixHeader.pch;
				INFOPLIST_FILE = MutableTargetDemo/Info.plist;
				IPHONEOS_DEPLOYMENT_TARGET = 8.0;
				LD_RUNPATH_SEARCH_PATHS = "$(inherited) @executable_path/Frameworks";
				PRODUCT_BUNDLE_IDENTIFIER = com.jhsys.cloudmall;
				PRODUCT_NAME = "$(TARGET_NAME)";
				PROVISIONING_PROFILE = "3e37a002-63b3-41ab-bd9d-cfb2fc52c273";
				PROVISIONING_PROFILE_SPECIFIER = okdeerMallAdHoc;
			};
			name = Release;
		};
		B5727CD91F62AB4500F278BA /* Dev02 */ = {
			isa = XCBuildConfiguration;
			buildSettings = {
				ALWAYS_SEARCH_USER_PATHS = NO;
				CLANG_ANALYZER_NONNULL = YES;
				CLANG_ANALYZER_NUMBER_OBJECT_CONVERSION = YES_AGGRESSIVE;
				CLANG_CXX_LANGUAGE_STANDARD = "gnu++0x";
				CLANG_CXX_LIBRARY = "libc++";
				CLANG_ENABLE_MODULES = YES;
				CLANG_ENABLE_OBJC_ARC = YES;
				CLANG_WARN_BLOCK_CAPTURE_AUTORELEASING = YES;
				CLANG_WARN_BOOL_CONVERSION = YES;
				CLANG_WARN_COMMA = YES;
				CLANG_WARN_CONSTANT_CONVERSION = YES;
				CLANG_WARN_DIRECT_OBJC_ISA_USAGE = YES_ERROR;
				CLANG_WARN_DOCUMENTATION_COMMENTS = YES;
				CLANG_WARN_EMPTY_BODY = YES;
				CLANG_WARN_ENUM_CONVERSION = YES;
				CLANG_WARN_INFINITE_RECURSION = YES;
				CLANG_WARN_INT_CONVERSION = YES;
				CLANG_WARN_NON_LITERAL_NULL_CONVERSION = YES;
				CLANG_WARN_OBJC_LITERAL_CONVERSION = YES;
				CLANG_WARN_OBJC_ROOT_CLASS = YES_ERROR;
				CLANG_WARN_RANGE_LOOP_ANALYSIS = YES;
				CLANG_WARN_STRICT_PROTOTYPES = YES;
				CLANG_WARN_SUSPICIOUS_MOVE = YES;
				CLANG_WARN_UNREACHABLE_CODE = YES;
				CLANG_WARN__DUPLICATE_METHOD_MATCH = YES;
				"CODE_SIGN_IDENTITY[sdk=iphoneos*]" = "iPhone Developer";
				COPY_PHASE_STRIP = NO;
				DEBUG_INFORMATION_FORMAT = dwarf;
				ENABLE_STRICT_OBJC_MSGSEND = YES;
				ENABLE_TESTABILITY = YES;
				GCC_C_LANGUAGE_STANDARD = gnu99;
				GCC_DYNAMIC_NO_PIC = NO;
				GCC_NO_COMMON_BLOCKS = YES;
				GCC_OPTIMIZATION_LEVEL = 0;
				GCC_PREPROCESSOR_DEFINITIONS = (
					"DEBUG=1",
					"$(inherited)",
				);
				GCC_WARN_64_TO_32_BIT_CONVERSION = YES;
				GCC_WARN_ABOUT_RETURN_TYPE = YES_ERROR;
				GCC_WARN_UNDECLARED_SELECTOR = YES;
				GCC_WARN_UNINITIALIZED_AUTOS = YES_AGGRESSIVE;
				GCC_WARN_UNUSED_FUNCTION = YES;
				GCC_WARN_UNUSED_VARIABLE = YES;
				IPHONEOS_DEPLOYMENT_TARGET = 10.3;
				MTL_ENABLE_DEBUG_INFO = YES;
				ONLY_ACTIVE_ARCH = YES;
				SDKROOT = iphoneos;
			};
			name = Dev02;
		};
		B5727CDA1F62AB4500F278BA /* Dev02 */ = {
			isa = XCBuildConfiguration;
			buildSettings = {
				APP_DISPLAY_NAME = "Dev02包";
				ASSETCATALOG_COMPILER_APPICON_NAME = "AppIcon-Dev02";
				ASSETCATALOG_COMPILER_LAUNCHIMAGE_NAME = "LaunchImage-Dev02";
				CODE_SIGN_ENTITLEMENTS = MutableTargetDemo/MutableTargetDemo.entitlements;
				DEVELOPMENT_TEAM = W222R58V26;
				GCC_PREFIX_HEADER = MutableTargetDemo/PrefixHeader.pch;
				GCC_PREPROCESSOR_DEFINITIONS = "Dev02=1";
				INFOPLIST_FILE = MutableTargetDemo/Info.plist;
				IPHONEOS_DEPLOYMENT_TARGET = 8.0;
				LD_RUNPATH_SEARCH_PATHS = "$(inherited) @executable_path/Frameworks";
				PRODUCT_BUNDLE_IDENTIFIER = com.jhsys.cloudmall;
				PRODUCT_NAME = "$(TARGET_NAME)";
				PROVISIONING_PROFILE = "2b34bd26-178b-4996-8176-aa03a0e15412";
				PROVISIONING_PROFILE_SPECIFIER = okdeerMallDevelopment;
			};
			name = Dev02;
		};
		B5727CDB1F62AB5000F278BA /* Test04 */ = {
			isa = XCBuildConfiguration;
			buildSettings = {
				ALWAYS_SEARCH_USER_PATHS = NO;
				CLANG_ANALYZER_NONNULL = YES;
				CLANG_ANALYZER_NUMBER_OBJECT_CONVERSION = YES_AGGRESSIVE;
				CLANG_CXX_LANGUAGE_STANDARD = "gnu++0x";
				CLANG_CXX_LIBRARY = "libc++";
				CLANG_ENABLE_MODULES = YES;
				CLANG_ENABLE_OBJC_ARC = YES;
				CLANG_WARN_BLOCK_CAPTURE_AUTORELEASING = YES;
				CLANG_WARN_BOOL_CONVERSION = YES;
				CLANG_WARN_COMMA = YES;
				CLANG_WARN_CONSTANT_CONVERSION = YES;
				CLANG_WARN_DIRECT_OBJC_ISA_USAGE = YES_ERROR;
				CLANG_WARN_DOCUMENTATION_COMMENTS = YES;
				CLANG_WARN_EMPTY_BODY = YES;
				CLANG_WARN_ENUM_CONVERSION = YES;
				CLANG_WARN_INFINITE_RECURSION = YES;
				CLANG_WARN_INT_CONVERSION = YES;
				CLANG_WARN_NON_LITERAL_NULL_CONVERSION = YES;
				CLANG_WARN_OBJC_LITERAL_CONVERSION = YES;
				CLANG_WARN_OBJC_ROOT_CLASS = YES_ERROR;
				CLANG_WARN_RANGE_LOOP_ANALYSIS = YES;
				CLANG_WARN_STRICT_PROTOTYPES = YES;
				CLANG_WARN_SUSPICIOUS_MOVE = YES;
				CLANG_WARN_UNREACHABLE_CODE = YES;
				CLANG_WARN__DUPLICATE_METHOD_MATCH = YES;
				"CODE_SIGN_IDENTITY[sdk=iphoneos*]" = "iPhone Developer";
				COPY_PHASE_STRIP = NO;
				DEBUG_INFORMATION_FORMAT = dwarf;
				ENABLE_STRICT_OBJC_MSGSEND = YES;
				ENABLE_TESTABILITY = YES;
				GCC_C_LANGUAGE_STANDARD = gnu99;
				GCC_DYNAMIC_NO_PIC = NO;
				GCC_NO_COMMON_BLOCKS = YES;
				GCC_OPTIMIZATION_LEVEL = 0;
				GCC_PREPROCESSOR_DEFINITIONS = (
					"DEBUG=1",
					"$(inherited)",
				);
				GCC_WARN_64_TO_32_BIT_CONVERSION = YES;
				GCC_WARN_ABOUT_RETURN_TYPE = YES_ERROR;
				GCC_WARN_UNDECLARED_SELECTOR = YES;
				GCC_WARN_UNINITIALIZED_AUTOS = YES_AGGRESSIVE;
				GCC_WARN_UNUSED_FUNCTION = YES;
				GCC_WARN_UNUSED_VARIABLE = YES;
				IPHONEOS_DEPLOYMENT_TARGET = 10.3;
				MTL_ENABLE_DEBUG_INFO = YES;
				ONLY_ACTIVE_ARCH = YES;
				SDKROOT = iphoneos;
			};
			name = Test04;
		};
		B5727CDC1F62AB5000F278BA /* Test04 */ = {
			isa = XCBuildConfiguration;
			buildSettings = {
				APP_DISPLAY_NAME = "Test04包";
				ASSETCATALOG_COMPILER_APPICON_NAME = "AppIcon-Test04";
				ASSETCATALOG_COMPILER_LAUNCHIMAGE_NAME = "LaunchImage-Test04";
				CODE_SIGN_ENTITLEMENTS = MutableTargetDemo/MutableTargetDemo.entitlements;
				DEVELOPMENT_TEAM = W222R58V26;
				GCC_PREFIX_HEADER = MutableTargetDemo/PrefixHeader.pch;
				GCC_PREPROCESSOR_DEFINITIONS = "Test04=2";
				INFOPLIST_FILE = MutableTargetDemo/Info.plist;
				IPHONEOS_DEPLOYMENT_TARGET = 8.0;
				LD_RUNPATH_SEARCH_PATHS = "$(inherited) @executable_path/Frameworks";
				PRODUCT_BUNDLE_IDENTIFIER = com.jhsys.cloudmall;
				PRODUCT_NAME = "$(TARGET_NAME)";
				PROVISIONING_PROFILE = "2b34bd26-178b-4996-8176-aa03a0e15412";
				PROVISIONING_PROFILE_SPECIFIER = okdeerMallDevelopment;
			};
			name = Test04;
		};
/* End XCBuildConfiguration section */

/* Begin XCConfigurationList section */
		B5727CBA1F62AAA500F278BA /* Build configuration list for PBXProject "MutableTargetDemo" */ = {
			isa = XCConfigurationList;
			buildConfigurations = (
				B5727CDB1F62AB5000F278BA /* Test04 */,
				B5727CD91F62AB4500F278BA /* Dev02 */,
				B5727CD51F62AAA500F278BA /* Release */,
			);
			defaultConfigurationIsVisible = 0;
			defaultConfigurationName = Release;
		};
		B5727CD61F62AAA500F278BA /* Build configuration list for PBXNativeTarget "MutableTargetDemo" */ = {
			isa = XCConfigurationList;
			buildConfigurations = (
				B5727CDC1F62AB5000F278BA /* Test04 */,
				B5727CDA1F62AB4500F278BA /* Dev02 */,
				B5727CD81F62AAA500F278BA /* Release */,
			);
			defaultConfigurationIsVisible = 0;
			defaultConfigurationName = Release;
		};
/* End XCConfigurationList section */
	};
	rootObject = B5727CB71F62AAA500F278BA /* Project object */;
}
