// !$*UTF8*$!
{
	archiveVersion = 1;
	classes = {
	};
	objectVersion = 46;
	objects = {

/* Begin PBXBuildFile section */
		A30693521E1E98C30023DE5E /* UITabBar+BadgeView.h in Headers */ = {isa = PBXBuildFile; fileRef = A30693501E1E98C30023DE5E /* UITabBar+BadgeView.h */; };
		A30693531E1E98C30023DE5E /* UITabBar+BadgeView.m in Sources */ = {isa = PBXBuildFile; fileRef = A30693511E1E98C30023DE5E /* UITabBar+BadgeView.m */; };
		A30693571E1EAB7B0023DE5E /* NSObject+NeverCrash.h in Headers */ = {isa = PBXBuildFile; fileRef = A30693551E1EAB7B0023DE5E /* NSObject+NeverCrash.h */; };
		A30693581E1EAB7B0023DE5E /* NSObject+NeverCrash.m in Sources */ = {isa = PBXBuildFile; fileRef = A30693561E1EAB7B0023DE5E /* NSObject+NeverCrash.m */; };
		A3FC95E91E2FA688001EA205 /* UINavigationController+OKExtension.h in Headers */ = {isa = PBXBuildFile; fileRef = A3FC95E71E2FA688001EA205 /* UINavigationController+OKExtension.h */; };
		A3FC95EA1E2FA688001EA205 /* UINavigationController+OKExtension.m in Sources */ = {isa = PBXBuildFile; fileRef = A3FC95E81E2FA688001EA205 /* UINavigationController+OKExtension.m */; };
		B50310AB1E1E5CB200C11EC4 /* CommonFrameWork.h in Headers */ = {isa = PBXBuildFile; fileRef = B50310A91E1E5CB200C11EC4 /* CommonFrameWork.h */; settings = {ATTRIBUTES = (Public, ); }; };
		B50311341E1E607F00C11EC4 /* Foundation+Log.m in Sources */ = {isa = PBXBuildFile; fileRef = B50310BB1E1E607F00C11EC4 /* Foundation+Log.m */; };
		B50311351E1E607F00C11EC4 /* GTMBase64.h in Headers */ = {isa = PBXBuildFile; fileRef = B50310BC1E1E607F00C11EC4 /* GTMBase64.h */; };
		B50311361E1E607F00C11EC4 /* GTMBase64.m in Sources */ = {isa = PBXBuildFile; fileRef = B50310BD1E1E607F00C11EC4 /* GTMBase64.m */; };
		B50311371E1E607F00C11EC4 /* GTMDefines.h in Headers */ = {isa = PBXBuildFile; fileRef = B50310BE1E1E607F00C11EC4 /* GTMDefines.h */; };
		B50311381E1E607F00C11EC4 /* NSArray+OKExtention.h in Headers */ = {isa = PBXBuildFile; fileRef = B50310BF1E1E607F00C11EC4 /* NSArray+OKExtention.h */; };
		B50311391E1E607F00C11EC4 /* NSArray+OKExtention.m in Sources */ = {isa = PBXBuildFile; fileRef = B50310C01E1E607F00C11EC4 /* NSArray+OKExtention.m */; };
		B503113A1E1E607F00C11EC4 /* NSDate+OKExtension.h in Headers */ = {isa = PBXBuildFile; fileRef = B50310C11E1E607F00C11EC4 /* NSDate+OKExtension.h */; };
		B503113B1E1E607F00C11EC4 /* NSDate+OKExtension.m in Sources */ = {isa = PBXBuildFile; fileRef = B50310C21E1E607F00C11EC4 /* NSDate+OKExtension.m */; };
		B503113C1E1E607F00C11EC4 /* NSDictionary+OKExtension.h in Headers */ = {isa = PBXBuildFile; fileRef = B50310C31E1E607F00C11EC4 /* NSDictionary+OKExtension.h */; };
		B503113D1E1E607F00C11EC4 /* NSDictionary+OKExtension.m in Sources */ = {isa = PBXBuildFile; fileRef = B50310C41E1E607F00C11EC4 /* NSDictionary+OKExtension.m */; };
		B503113E1E1E607F00C11EC4 /* NSMutableArray+OKExtension.h in Headers */ = {isa = PBXBuildFile; fileRef = B50310C51E1E607F00C11EC4 /* NSMutableArray+OKExtension.h */; };
		B503113F1E1E607F00C11EC4 /* NSMutableArray+OKExtension.m in Sources */ = {isa = PBXBuildFile; fileRef = B50310C61E1E607F00C11EC4 /* NSMutableArray+OKExtension.m */; };
		B50311401E1E607F00C11EC4 /* NSMutableDictionary+OKExtension.h in Headers */ = {isa = PBXBuildFile; fileRef = B50310C71E1E607F00C11EC4 /* NSMutableDictionary+OKExtension.h */; };
		B50311411E1E607F00C11EC4 /* NSMutableDictionary+OKExtension.m in Sources */ = {isa = PBXBuildFile; fileRef = B50310C81E1E607F00C11EC4 /* NSMutableDictionary+OKExtension.m */; };
		B50311421E1E607F00C11EC4 /* NSNull+OKSafely.h in Headers */ = {isa = PBXBuildFile; fileRef = B50310C91E1E607F00C11EC4 /* NSNull+OKSafely.h */; };
		B50311431E1E607F00C11EC4 /* NSNull+OKSafely.m in Sources */ = {isa = PBXBuildFile; fileRef = B50310CA1E1E607F00C11EC4 /* NSNull+OKSafely.m */; };
		B50311441E1E607F00C11EC4 /* NSObject+OKExtension.h in Headers */ = {isa = PBXBuildFile; fileRef = B50310CB1E1E607F00C11EC4 /* NSObject+OKExtension.h */; };
		B50311451E1E607F00C11EC4 /* NSObject+OKRuntime.h in Headers */ = {isa = PBXBuildFile; fileRef = B50310CC1E1E607F00C11EC4 /* NSObject+OKRuntime.h */; };
		B50311461E1E607F00C11EC4 /* NSObject+OKRuntime.m in Sources */ = {isa = PBXBuildFile; fileRef = B50310CD1E1E607F00C11EC4 /* NSObject+OKRuntime.m */; };
		B50311471E1E607F00C11EC4 /* NSString+OKEncryption.h in Headers */ = {isa = PBXBuildFile; fileRef = B50310CE1E1E607F00C11EC4 /* NSString+OKEncryption.h */; };
		B50311481E1E607F00C11EC4 /* NSString+OKEncryption.m in Sources */ = {isa = PBXBuildFile; fileRef = B50310CF1E1E607F00C11EC4 /* NSString+OKEncryption.m */; };
		B50311491E1E607F00C11EC4 /* NSString+OKExtention.h in Headers */ = {isa = PBXBuildFile; fileRef = B50310D01E1E607F00C11EC4 /* NSString+OKExtention.h */; };
		B503114A1E1E607F00C11EC4 /* NSString+OKExtention.m in Sources */ = {isa = PBXBuildFile; fileRef = B50310D11E1E607F00C11EC4 /* NSString+OKExtention.m */; };
		B503114D1E1E607F00C11EC4 /* UIButton+OKExtension.h in Headers */ = {isa = PBXBuildFile; fileRef = B50310D41E1E607F00C11EC4 /* UIButton+OKExtension.h */; };
		B503114E1E1E607F00C11EC4 /* UIButton+OKExtension.m in Sources */ = {isa = PBXBuildFile; fileRef = B50310D51E1E607F00C11EC4 /* UIButton+OKExtension.m */; };
		B503114F1E1E607F00C11EC4 /* UIDevice+OKExtension.h in Headers */ = {isa = PBXBuildFile; fileRef = B50310D61E1E607F00C11EC4 /* UIDevice+OKExtension.h */; };
		B50311501E1E607F00C11EC4 /* UIDevice+OKExtension.m in Sources */ = {isa = PBXBuildFile; fileRef = B50310D71E1E607F00C11EC4 /* UIDevice+OKExtension.m */; };
		B50311511E1E607F00C11EC4 /* UIImage+OKExtension.h in Headers */ = {isa = PBXBuildFile; fileRef = B50310D81E1E607F00C11EC4 /* UIImage+OKExtension.h */; };
		B50311521E1E607F00C11EC4 /* UIImage+OKExtension.m in Sources */ = {isa = PBXBuildFile; fileRef = B50310D91E1E607F00C11EC4 /* UIImage+OKExtension.m */; };
		B50311531E1E607F00C11EC4 /* UIImageView+OKCornerRadius.h in Headers */ = {isa = PBXBuildFile; fileRef = B50310DA1E1E607F00C11EC4 /* UIImageView+OKCornerRadius.h */; };
		B50311541E1E607F00C11EC4 /* UIImageView+OKCornerRadius.m in Sources */ = {isa = PBXBuildFile; fileRef = B50310DB1E1E607F00C11EC4 /* UIImageView+OKCornerRadius.m */; };
		B50311551E1E607F00C11EC4 /* UIImageView+OKExtension.h in Headers */ = {isa = PBXBuildFile; fileRef = B50310DC1E1E607F00C11EC4 /* UIImageView+OKExtension.h */; };
		B50311561E1E607F00C11EC4 /* UIImageView+OKExtension.m in Sources */ = {isa = PBXBuildFile; fileRef = B50310DD1E1E607F00C11EC4 /* UIImageView+OKExtension.m */; };
		B50311571E1E607F00C11EC4 /* UILabel+OKExtension.h in Headers */ = {isa = PBXBuildFile; fileRef = B50310DE1E1E607F00C11EC4 /* UILabel+OKExtension.h */; };
		B50311581E1E607F00C11EC4 /* UILabel+OKExtension.m in Sources */ = {isa = PBXBuildFile; fileRef = B50310DF1E1E607F00C11EC4 /* UILabel+OKExtension.m */; };
		B50311591E1E607F00C11EC4 /* UITextField+OKExtension.h in Headers */ = {isa = PBXBuildFile; fileRef = B50310E01E1E607F00C11EC4 /* UITextField+OKExtension.h */; };
		B503115A1E1E607F00C11EC4 /* UITextField+OKExtension.m in Sources */ = {isa = PBXBuildFile; fileRef = B50310E11E1E607F00C11EC4 /* UITextField+OKExtension.m */; };
		B503115B1E1E607F00C11EC4 /* UIView+OKExtension.h in Headers */ = {isa = PBXBuildFile; fileRef = B50310E21E1E607F00C11EC4 /* UIView+OKExtension.h */; };
		B503115C1E1E607F00C11EC4 /* UIView+OKExtension.m in Sources */ = {isa = PBXBuildFile; fileRef = B50310E31E1E607F00C11EC4 /* UIView+OKExtension.m */; };
		B503115D1E1E607F00C11EC4 /* UIView+OKTool.h in Headers */ = {isa = PBXBuildFile; fileRef = B50310E41E1E607F00C11EC4 /* UIView+OKTool.h */; };
		B503115E1E1E607F00C11EC4 /* UIView+OKTool.m in Sources */ = {isa = PBXBuildFile; fileRef = B50310E51E1E607F00C11EC4 /* UIView+OKTool.m */; };
		B50311611E1E607F00C11EC4 /* OKHttpRequestModel.h in Headers */ = {isa = PBXBuildFile; fileRef = B50310E91E1E607F00C11EC4 /* OKHttpRequestModel.h */; };
		B50311621E1E607F00C11EC4 /* OKHttpRequestModel.m in Sources */ = {isa = PBXBuildFile; fileRef = B50310EA1E1E607F00C11EC4 /* OKHttpRequestModel.m */; };
		B50311631E1E607F00C11EC4 /* OKHttpRequestTools.h in Headers */ = {isa = PBXBuildFile; fileRef = B50310EB1E1E607F00C11EC4 /* OKHttpRequestTools.h */; };
		B50311641E1E607F00C11EC4 /* OKHttpRequestTools.m in Sources */ = {isa = PBXBuildFile; fileRef = B50310EC1E1E607F00C11EC4 /* OKHttpRequestTools.m */; };
		B50311651E1E607F00C11EC4 /* OKActionSheetView.h in Headers */ = {isa = PBXBuildFile; fileRef = B50310EE1E1E607F00C11EC4 /* OKActionSheetView.h */; };
		B50311661E1E607F00C11EC4 /* OKActionSheetView.m in Sources */ = {isa = PBXBuildFile; fileRef = B50310EF1E1E607F00C11EC4 /* OKActionSheetView.m */; };
		B50311671E1E607F00C11EC4 /* OKAlertController.h in Headers */ = {isa = PBXBuildFile; fileRef = B50310F01E1E607F00C11EC4 /* OKAlertController.h */; };
		B50311681E1E607F00C11EC4 /* OKAlertController.m in Sources */ = {isa = PBXBuildFile; fileRef = B50310F11E1E607F00C11EC4 /* OKAlertController.m */; };
		B584C7B21E31BAD500CB6C81 /* OKColorDefiner.h in Headers */ = {isa = PBXBuildFile; fileRef = B584C7AB1E31BAD500CB6C81 /* OKColorDefiner.h */; };
		B584C7B31E31BAD500CB6C81 /* OKFrameDefiner.h in Headers */ = {isa = PBXBuildFile; fileRef = B584C7AC1E31BAD500CB6C81 /* OKFrameDefiner.h */; };
		B584C7B41E31BAD500CB6C81 /* OKPubilcKeyDefiner.h in Headers */ = {isa = PBXBuildFile; fileRef = B584C7AD1E31BAD500CB6C81 /* OKPubilcKeyDefiner.h */; };
		B584C7B51E31BAD500CB6C81 /* OKPublicConst.h in Headers */ = {isa = PBXBuildFile; fileRef = B584C7AE1E31BAD500CB6C81 /* OKPublicConst.h */; };
		B584C7B61E31BAD500CB6C81 /* OKPublicConst.m in Sources */ = {isa = PBXBuildFile; fileRef = B584C7AF1E31BAD500CB6C81 /* OKPublicConst.m */; };
		B584C7BB1E31BD7F00CB6C81 /* OKUtils.h in Headers */ = {isa = PBXBuildFile; fileRef = B584C7B91E31BD7F00CB6C81 /* OKUtils.h */; };
		B584C7BC1E31BD7F00CB6C81 /* OKUtils.m in Sources */ = {isa = PBXBuildFile; fileRef = B584C7BA1E31BD7F00CB6C81 /* OKUtils.m */; };
		B584C7C01E31BD9300CB6C81 /* OKBaseViewController.h in Headers */ = {isa = PBXBuildFile; fileRef = B584C7BE1E31BD9300CB6C81 /* OKBaseViewController.h */; };
		B584C7C11E31BD9300CB6C81 /* OKBaseViewController.m in Sources */ = {isa = PBXBuildFile; fileRef = B584C7BF1E31BD9300CB6C81 /* OKBaseViewController.m */; };
		B584C8081E31BEC000CB6C81 /* OKCommonTipView.h in Headers */ = {isa = PBXBuildFile; fileRef = B584C7C41E31BEC000CB6C81 /* OKCommonTipView.h */; };
		B584C8091E31BEC000CB6C81 /* OKCommonTipView.m in Sources */ = {isa = PBXBuildFile; fileRef = B584C7C51E31BEC000CB6C81 /* OKCommonTipView.m */; };
		B584C80A1E31BEC000CB6C81 /* OKFMDBTool.h in Headers */ = {isa = PBXBuildFile; fileRef = B584C7C61E31BEC000CB6C81 /* OKFMDBTool.h */; };
		B584C80B1E31BEC000CB6C81 /* OKFMDBTool.m in Sources */ = {isa = PBXBuildFile; fileRef = B584C7C71E31BEC000CB6C81 /* OKFMDBTool.m */; };
		B584C80C1E31BEC000CB6C81 /* OKHttpRequestModel+OKExtension.h in Headers */ = {isa = PBXBuildFile; fileRef = B584C7C81E31BEC000CB6C81 /* OKHttpRequestModel+OKExtension.h */; };
		B584C80D1E31BEC000CB6C81 /* OKHttpRequestModel+OKExtension.m in Sources */ = {isa = PBXBuildFile; fileRef = B584C7C91E31BEC000CB6C81 /* OKHttpRequestModel+OKExtension.m */; };
		B584C80E1E31BEC000CB6C81 /* OKHttpRequestTools+OKExtension.h in Headers */ = {isa = PBXBuildFile; fileRef = B584C7CA1E31BEC000CB6C81 /* OKHttpRequestTools+OKExtension.h */; };
		B584C80F1E31BEC000CB6C81 /* OKHttpRequestTools+OKExtension.m in Sources */ = {isa = PBXBuildFile; fileRef = B584C7CB1E31BEC000CB6C81 /* OKHttpRequestTools+OKExtension.m */; };
		B584C8101E31BEC000CB6C81 /* UITableView+OKRequestExtension.h in Headers */ = {isa = PBXBuildFile; fileRef = B584C7CC1E31BEC000CB6C81 /* UITableView+OKRequestExtension.h */; };
		B584C8111E31BEC000CB6C81 /* UITableView+OKRequestExtension.m in Sources */ = {isa = PBXBuildFile; fileRef = B584C7CD1E31BEC000CB6C81 /* UITableView+OKRequestExtension.m */; };
		B584C8121E31BEC000CB6C81 /* OKPhotoBrowserHelp.h in Headers */ = {isa = PBXBuildFile; fileRef = B584C7CF1E31BEC000CB6C81 /* OKPhotoBrowserHelp.h */; };
		B584C8131E31BEC000CB6C81 /* OKPhotoBrowserHelp.m in Sources */ = {isa = PBXBuildFile; fileRef = B584C7D01E31BEC000CB6C81 /* OKPhotoBrowserHelp.m */; };
		B584C8141E31BEC000CB6C81 /* OKPickerPhotoHelp.h in Headers */ = {isa = PBXBuildFile; fileRef = B584C7D11E31BEC000CB6C81 /* OKPickerPhotoHelp.h */; };
		B584C8151E31BEC000CB6C81 /* OKPickerPhotoHelp.m in Sources */ = {isa = PBXBuildFile; fileRef = B584C7D21E31BEC000CB6C81 /* OKPickerPhotoHelp.m */; };
		B584C8161E31BEC000CB6C81 /* ZLPhoto.h in Headers */ = {isa = PBXBuildFile; fileRef = B584C7D31E31BEC000CB6C81 /* ZLPhoto.h */; };
		B584C8171E31BEC000CB6C81 /* UIImage+ZLPhotoLib.h in Headers */ = {isa = PBXBuildFile; fileRef = B584C7D61E31BEC000CB6C81 /* UIImage+ZLPhotoLib.h */; };
		B584C8181E31BEC000CB6C81 /* UIImage+ZLPhotoLib.m in Sources */ = {isa = PBXBuildFile; fileRef = B584C7D71E31BEC000CB6C81 /* UIImage+ZLPhotoLib.m */; };
		B584C8191E31BEC000CB6C81 /* ZLPhotoPickerBrowserPhoto.h in Headers */ = {isa = PBXBuildFile; fileRef = B584C7D81E31BEC000CB6C81 /* ZLPhotoPickerBrowserPhoto.h */; };
		B584C81A1E31BEC000CB6C81 /* ZLPhotoPickerBrowserPhoto.m in Sources */ = {isa = PBXBuildFile; fileRef = B584C7D91E31BEC000CB6C81 /* ZLPhotoPickerBrowserPhoto.m */; };
		B584C81B1E31BEC000CB6C81 /* ZLPhotoRect.h in Headers */ = {isa = PBXBuildFile; fileRef = B584C7DA1E31BEC000CB6C81 /* ZLPhotoRect.h */; };
		B584C81C1E31BEC000CB6C81 /* ZLPhotoRect.m in Sources */ = {isa = PBXBuildFile; fileRef = B584C7DB1E31BEC000CB6C81 /* ZLPhotoRect.m */; };
		B584C81D1E31BEC000CB6C81 /* ZLPhotoPickerBrowserViewController+SignlePhotoBrowser.h in Headers */ = {isa = PBXBuildFile; fileRef = B584C7DD1E31BEC000CB6C81 /* ZLPhotoPickerBrowserViewController+SignlePhotoBrowser.h */; };
		B584C81E1E31BEC000CB6C81 /* ZLPhotoPickerBrowserViewController+SignlePhotoBrowser.m in Sources */ = {isa = PBXBuildFile; fileRef = B584C7DE1E31BEC000CB6C81 /* ZLPhotoPickerBrowserViewController+SignlePhotoBrowser.m */; };
		B584C81F1E31BEC000CB6C81 /* ZLPhotoPickerBrowserViewController.h in Headers */ = {isa = PBXBuildFile; fileRef = B584C7DF1E31BEC000CB6C81 /* ZLPhotoPickerBrowserViewController.h */; };
		B584C8201E31BEC000CB6C81 /* ZLPhotoPickerBrowserViewController.m in Sources */ = {isa = PBXBuildFile; fileRef = B584C7E01E31BEC000CB6C81 /* ZLPhotoPickerBrowserViewController.m */; };
		B584C8211E31BEC000CB6C81 /* DACircularProgressView.h in Headers */ = {isa = PBXBuildFile; fileRef = B584C7E21E31BEC000CB6C81 /* DACircularProgressView.h */; };
		B584C8221E31BEC000CB6C81 /* DACircularProgressView.m in Sources */ = {isa = PBXBuildFile; fileRef = B584C7E31E31BEC000CB6C81 /* DACircularProgressView.m */; };
		B584C8231E31BEC000CB6C81 /* ZLPhotoPickerBrowserPhotoImageView.h in Headers */ = {isa = PBXBuildFile; fileRef = B584C7E41E31BEC000CB6C81 /* ZLPhotoPickerBrowserPhotoImageView.h */; };
		B584C8241E31BEC000CB6C81 /* ZLPhotoPickerBrowserPhotoImageView.m in Sources */ = {isa = PBXBuildFile; fileRef = B584C7E51E31BEC000CB6C81 /* ZLPhotoPickerBrowserPhotoImageView.m */; };
		B584C8251E31BEC000CB6C81 /* ZLPhotoPickerBrowserPhotoScrollView.h in Headers */ = {isa = PBXBuildFile; fileRef = B584C7E61E31BEC000CB6C81 /* ZLPhotoPickerBrowserPhotoScrollView.h */; };
		B584C8261E31BEC000CB6C81 /* ZLPhotoPickerBrowserPhotoScrollView.m in Sources */ = {isa = PBXBuildFile; fileRef = B584C7E71E31BEC000CB6C81 /* ZLPhotoPickerBrowserPhotoScrollView.m */; };
		B584C8271E31BEC000CB6C81 /* ZLPhotoPickerBrowserPhotoView.h in Headers */ = {isa = PBXBuildFile; fileRef = B584C7E81E31BEC000CB6C81 /* ZLPhotoPickerBrowserPhotoView.h */; };
		B584C8281E31BEC000CB6C81 /* ZLPhotoPickerBrowserPhotoView.m in Sources */ = {isa = PBXBuildFile; fileRef = B584C7E91E31BEC000CB6C81 /* ZLPhotoPickerBrowserPhotoView.m */; };
		B584C8291E31BEC000CB6C81 /* ZLPhotoPickerCustomToolBarView.h in Headers */ = {isa = PBXBuildFile; fileRef = B584C7EA1E31BEC000CB6C81 /* ZLPhotoPickerCustomToolBarView.h */; };
		B584C82A1E31BEC000CB6C81 /* ZLPhotoPickerCustomToolBarView.m in Sources */ = {isa = PBXBuildFile; fileRef = B584C7EB1E31BEC000CB6C81 /* ZLPhotoPickerCustomToolBarView.m */; };
		B584C82B1E31BEC000CB6C81 /* ZLPhotoLib.bundle in Resources */ = {isa = PBXBuildFile; fileRef = B584C7EC1E31BEC000CB6C81 /* ZLPhotoLib.bundle */; };
		B584C82C1E31BEC000CB6C81 /* ZLPhotoAssets.h in Headers */ = {isa = PBXBuildFile; fileRef = B584C7EF1E31BEC000CB6C81 /* ZLPhotoAssets.h */; };
		B584C82D1E31BEC000CB6C81 /* ZLPhotoAssets.m in Sources */ = {isa = PBXBuildFile; fileRef = B584C7F01E31BEC000CB6C81 /* ZLPhotoAssets.m */; };
		B584C82E1E31BEC000CB6C81 /* ZLPhotoPickerDatas.h in Headers */ = {isa = PBXBuildFile; fileRef = B584C7F11E31BEC000CB6C81 /* ZLPhotoPickerDatas.h */; };
		B584C82F1E31BEC000CB6C81 /* ZLPhotoPickerDatas.m in Sources */ = {isa = PBXBuildFile; fileRef = B584C7F21E31BEC000CB6C81 /* ZLPhotoPickerDatas.m */; };
		B584C8301E31BEC000CB6C81 /* ZLPhotoPickerGroup.h in Headers */ = {isa = PBXBuildFile; fileRef = B584C7F31E31BEC000CB6C81 /* ZLPhotoPickerGroup.h */; };
		B584C8311E31BEC000CB6C81 /* ZLPhotoPickerGroup.m in Sources */ = {isa = PBXBuildFile; fileRef = B584C7F41E31BEC000CB6C81 /* ZLPhotoPickerGroup.m */; };
		B584C8321E31BEC000CB6C81 /* ZLPhotoPickerAssetsViewController.h in Headers */ = {isa = PBXBuildFile; fileRef = B584C7F61E31BEC000CB6C81 /* ZLPhotoPickerAssetsViewController.h */; };
		B584C8331E31BEC000CB6C81 /* ZLPhotoPickerAssetsViewController.m in Sources */ = {isa = PBXBuildFile; fileRef = B584C7F71E31BEC000CB6C81 /* ZLPhotoPickerAssetsViewController.m */; };
		B584C8341E31BEC000CB6C81 /* ZLPhotoPickerGroupViewController.h in Headers */ = {isa = PBXBuildFile; fileRef = B584C7F81E31BEC000CB6C81 /* ZLPhotoPickerGroupViewController.h */; };
		B584C8351E31BEC000CB6C81 /* ZLPhotoPickerGroupViewController.m in Sources */ = {isa = PBXBuildFile; fileRef = B584C7F91E31BEC000CB6C81 /* ZLPhotoPickerGroupViewController.m */; };
		B584C8361E31BEC000CB6C81 /* ZLPhotoPickerViewController.h in Headers */ = {isa = PBXBuildFile; fileRef = B584C7FA1E31BEC000CB6C81 /* ZLPhotoPickerViewController.h */; };
		B584C8371E31BEC000CB6C81 /* ZLPhotoPickerViewController.m in Sources */ = {isa = PBXBuildFile; fileRef = B584C7FB1E31BEC000CB6C81 /* ZLPhotoPickerViewController.m */; };
		B584C8381E31BEC000CB6C81 /* ZLPhotoPickerCollectionView.h in Headers */ = {isa = PBXBuildFile; fileRef = B584C7FD1E31BEC000CB6C81 /* ZLPhotoPickerCollectionView.h */; };
		B584C8391E31BEC000CB6C81 /* ZLPhotoPickerCollectionView.m in Sources */ = {isa = PBXBuildFile; fileRef = B584C7FE1E31BEC000CB6C81 /* ZLPhotoPickerCollectionView.m */; };
		B584C83A1E31BEC000CB6C81 /* ZLPhotoPickerCollectionViewCell.h in Headers */ = {isa = PBXBuildFile; fileRef = B584C7FF1E31BEC000CB6C81 /* ZLPhotoPickerCollectionViewCell.h */; };
		B584C83B1E31BEC000CB6C81 /* ZLPhotoPickerCollectionViewCell.m in Sources */ = {isa = PBXBuildFile; fileRef = B584C8001E31BEC000CB6C81 /* ZLPhotoPickerCollectionViewCell.m */; };
		B584C83C1E31BEC000CB6C81 /* ZLPhotoPickerFooterCollectionReusableView.h in Headers */ = {isa = PBXBuildFile; fileRef = B584C8011E31BEC000CB6C81 /* ZLPhotoPickerFooterCollectionReusableView.h */; };
		B584C83D1E31BEC000CB6C81 /* ZLPhotoPickerFooterCollectionReusableView.m in Sources */ = {isa = PBXBuildFile; fileRef = B584C8021E31BEC000CB6C81 /* ZLPhotoPickerFooterCollectionReusableView.m */; };
		B584C83E1E31BEC000CB6C81 /* ZLPhotoPickerGroupTableViewCell.h in Headers */ = {isa = PBXBuildFile; fileRef = B584C8031E31BEC000CB6C81 /* ZLPhotoPickerGroupTableViewCell.h */; };
		B584C83F1E31BEC000CB6C81 /* ZLPhotoPickerGroupTableViewCell.m in Sources */ = {isa = PBXBuildFile; fileRef = B584C8041E31BEC000CB6C81 /* ZLPhotoPickerGroupTableViewCell.m */; };
		B584C8401E31BEC000CB6C81 /* ZLPhotoPickerImageView.h in Headers */ = {isa = PBXBuildFile; fileRef = B584C8051E31BEC000CB6C81 /* ZLPhotoPickerImageView.h */; };
		B584C8411E31BEC000CB6C81 /* ZLPhotoPickerImageView.m in Sources */ = {isa = PBXBuildFile; fileRef = B584C8061E31BEC000CB6C81 /* ZLPhotoPickerImageView.m */; };
		B584C8421E31BEC000CB6C81 /* ZLPhotoPickerCommon.h in Headers */ = {isa = PBXBuildFile; fileRef = B584C8071E31BEC000CB6C81 /* ZLPhotoPickerCommon.h */; };
		B584C8451E31DE3200CB6C81 /* OKBaseNavigationVC.h in Headers */ = {isa = PBXBuildFile; fileRef = B584C8431E31DE3200CB6C81 /* OKBaseNavigationVC.h */; };
		B584C8461E31DE3200CB6C81 /* OKBaseNavigationVC.m in Sources */ = {isa = PBXBuildFile; fileRef = B584C8441E31DE3200CB6C81 /* OKBaseNavigationVC.m */; };
		B584C8491E31E0E700CB6C81 /* UIBarButtonItem+OKExtension.h in Headers */ = {isa = PBXBuildFile; fileRef = B584C8471E31E0E700CB6C81 /* UIBarButtonItem+OKExtension.h */; };
		B584C84A1E31E0E700CB6C81 /* UIBarButtonItem+OKExtension.m in Sources */ = {isa = PBXBuildFile; fileRef = B584C8481E31E0E700CB6C81 /* UIBarButtonItem+OKExtension.m */; };
		B584C84D1E31E62900CB6C81 /* UIViewController+OKExtension.h in Headers */ = {isa = PBXBuildFile; fileRef = B584C84B1E31E62900CB6C81 /* UIViewController+OKExtension.h */; };
		B584C84E1E31E62900CB6C81 /* UIViewController+OKExtension.m in Sources */ = {isa = PBXBuildFile; fileRef = B584C84C1E31E62900CB6C81 /* UIViewController+OKExtension.m */; };
		B584C8561E31F42700CB6C81 /* commonImage.bundle in Resources */ = {isa = PBXBuildFile; fileRef = B584C8551E31F42700CB6C81 /* commonImage.bundle */; };
		B584C85D1E31F55700CB6C81 /* OKCFunction.h in Headers */ = {isa = PBXBuildFile; fileRef = B584C85B1E31F55700CB6C81 /* OKCFunction.h */; };
		B584C85E1E31F55700CB6C81 /* OKCFunction.m in Sources */ = {isa = PBXBuildFile; fileRef = B584C85C1E31F55700CB6C81 /* OKCFunction.m */; };
		B5E8BD2F1E2F55DD00D0F73D /* OKReachabilityManager.h in Headers */ = {isa = PBXBuildFile; fileRef = B5E8BD2D1E2F55DD00D0F73D /* OKReachabilityManager.h */; };
		B5E8BD301E2F55DD00D0F73D /* OKReachabilityManager.m in Sources */ = {isa = PBXBuildFile; fileRef = B5E8BD2E1E2F55DD00D0F73D /* OKReachabilityManager.m */; };
		F742917AA1FF6DFCD98BDDB7 /* libPods-CommonFrameWork.a in Frameworks */ = {isa = PBXBuildFile; fileRef = 677F0A896830251DDCBB58F8 /* libPods-CommonFrameWork.a */; };
/* End PBXBuildFile section */

/* Begin PBXFileReference section */
		677F0A896830251DDCBB58F8 /* libPods-CommonFrameWork.a */ = {isa = PBXFileReference; explicitFileType = archive.ar; includeInIndex = 0; path = "libPods-CommonFrameWork.a"; sourceTree = BUILT_PRODUCTS_DIR; };
		A30693501E1E98C30023DE5E /* UITabBar+BadgeView.h */ = {isa = PBXFileReference; fileEncoding = 4; lastKnownFileType = sourcecode.c.h; path = "UITabBar+BadgeView.h"; sourceTree = "<group>"; };
		A30693511E1E98C30023DE5E /* UITabBar+BadgeView.m */ = {isa = PBXFileReference; fileEncoding = 4; lastKnownFileType = sourcecode.c.objc; path = "UITabBar+BadgeView.m"; sourceTree = "<group>"; };
		A30693551E1EAB7B0023DE5E /* NSObject+NeverCrash.h */ = {isa = PBXFileReference; fileEncoding = 4; lastKnownFileType = sourcecode.c.h; path = "NSObject+NeverCrash.h"; sourceTree = "<group>"; };
		A30693561E1EAB7B0023DE5E /* NSObject+NeverCrash.m */ = {isa = PBXFileReference; fileEncoding = 4; lastKnownFileType = sourcecode.c.objc; path = "NSObject+NeverCrash.m"; sourceTree = "<group>"; };
		A3FC95E71E2FA688001EA205 /* UINavigationController+OKExtension.h */ = {isa = PBXFileReference; fileEncoding = 4; lastKnownFileType = sourcecode.c.h; path = "UINavigationController+OKExtension.h"; sourceTree = "<group>"; };
		A3FC95E81E2FA688001EA205 /* UINavigationController+OKExtension.m */ = {isa = PBXFileReference; fileEncoding = 4; lastKnownFileType = sourcecode.c.objc; path = "UINavigationController+OKExtension.m"; sourceTree = "<group>"; };
		B50310A61E1E5CB200C11EC4 /* CommonFrameWork.framework */ = {isa = PBXFileReference; explicitFileType = wrapper.framework; includeInIndex = 0; path = CommonFrameWork.framework; sourceTree = BUILT_PRODUCTS_DIR; };
		B50310A91E1E5CB200C11EC4 /* CommonFrameWork.h */ = {isa = PBXFileReference; lastKnownFileType = sourcecode.c.h; path = CommonFrameWork.h; sourceTree = "<group>"; };
		B50310AA1E1E5CB200C11EC4 /* Info.plist */ = {isa = PBXFileReference; lastKnownFileType = text.plist.xml; path = Info.plist; sourceTree = "<group>"; };
		B50310BB1E1E607F00C11EC4 /* Foundation+Log.m */ = {isa = PBXFileReference; fileEncoding = 4; lastKnownFileType = sourcecode.c.objc; path = "Foundation+Log.m"; sourceTree = "<group>"; };
		B50310BC1E1E607F00C11EC4 /* GTMBase64.h */ = {isa = PBXFileReference; fileEncoding = 4; lastKnownFileType = sourcecode.c.h; path = GTMBase64.h; sourceTree = "<group>"; };
		B50310BD1E1E607F00C11EC4 /* GTMBase64.m */ = {isa = PBXFileReference; fileEncoding = 4; lastKnownFileType = sourcecode.c.objc; path = GTMBase64.m; sourceTree = "<group>"; };
		B50310BE1E1E607F00C11EC4 /* GTMDefines.h */ = {isa = PBXFileReference; fileEncoding = 4; lastKnownFileType = sourcecode.c.h; path = GTMDefines.h; sourceTree = "<group>"; };
		B50310BF1E1E607F00C11EC4 /* NSArray+OKExtention.h */ = {isa = PBXFileReference; fileEncoding = 4; lastKnownFileType = sourcecode.c.h; path = "NSArray+OKExtention.h"; sourceTree = "<group>"; };
		B50310C01E1E607F00C11EC4 /* NSArray+OKExtention.m */ = {isa = PBXFileReference; fileEncoding = 4; lastKnownFileType = sourcecode.c.objc; path = "NSArray+OKExtention.m"; sourceTree = "<group>"; };
		B50310C11E1E607F00C11EC4 /* NSDate+OKExtension.h */ = {isa = PBXFileReference; fileEncoding = 4; lastKnownFileType = sourcecode.c.h; path = "NSDate+OKExtension.h"; sourceTree = "<group>"; };
		B50310C21E1E607F00C11EC4 /* NSDate+OKExtension.m */ = {isa = PBXFileReference; fileEncoding = 4; lastKnownFileType = sourcecode.c.objc; path = "NSDate+OKExtension.m"; sourceTree = "<group>"; };
		B50310C31E1E607F00C11EC4 /* NSDictionary+OKExtension.h */ = {isa = PBXFileReference; fileEncoding = 4; lastKnownFileType = sourcecode.c.h; path = "NSDictionary+OKExtension.h"; sourceTree = "<group>"; };
		B50310C41E1E607F00C11EC4 /* NSDictionary+OKExtension.m */ = {isa = PBXFileReference; fileEncoding = 4; lastKnownFileType = sourcecode.c.objc; path = "NSDictionary+OKExtension.m"; sourceTree = "<group>"; };
		B50310C51E1E607F00C11EC4 /* NSMutableArray+OKExtension.h */ = {isa = PBXFileReference; fileEncoding = 4; lastKnownFileType = sourcecode.c.h; path = "NSMutableArray+OKExtension.h"; sourceTree = "<group>"; };
		B50310C61E1E607F00C11EC4 /* NSMutableArray+OKExtension.m */ = {isa = PBXFileReference; fileEncoding = 4; lastKnownFileType = sourcecode.c.objc; path = "NSMutableArray+OKExtension.m"; sourceTree = "<group>"; };
		B50310C71E1E607F00C11EC4 /* NSMutableDictionary+OKExtension.h */ = {isa = PBXFileReference; fileEncoding = 4; lastKnownFileType = sourcecode.c.h; path = "NSMutableDictionary+OKExtension.h"; sourceTree = "<group>"; };
		B50310C81E1E607F00C11EC4 /* NSMutableDictionary+OKExtension.m */ = {isa = PBXFileReference; fileEncoding = 4; lastKnownFileType = sourcecode.c.objc; path = "NSMutableDictionary+OKExtension.m"; sourceTree = "<group>"; };
		B50310C91E1E607F00C11EC4 /* NSNull+OKSafely.h */ = {isa = PBXFileReference; fileEncoding = 4; lastKnownFileType = sourcecode.c.h; path = "NSNull+OKSafely.h"; sourceTree = "<group>"; };
		B50310CA1E1E607F00C11EC4 /* NSNull+OKSafely.m */ = {isa = PBXFileReference; fileEncoding = 4; lastKnownFileType = sourcecode.c.objc; path = "NSNull+OKSafely.m"; sourceTree = "<group>"; };
		B50310CB1E1E607F00C11EC4 /* NSObject+OKExtension.h */ = {isa = PBXFileReference; fileEncoding = 4; lastKnownFileType = sourcecode.c.h; path = "NSObject+OKExtension.h"; sourceTree = "<group>"; };
		B50310CC1E1E607F00C11EC4 /* NSObject+OKRuntime.h */ = {isa = PBXFileReference; fileEncoding = 4; lastKnownFileType = sourcecode.c.h; path = "NSObject+OKRuntime.h"; sourceTree = "<group>"; };
		B50310CD1E1E607F00C11EC4 /* NSObject+OKRuntime.m */ = {isa = PBXFileReference; fileEncoding = 4; lastKnownFileType = sourcecode.c.objc; path = "NSObject+OKRuntime.m"; sourceTree = "<group>"; };
		B50310CE1E1E607F00C11EC4 /* NSString+OKEncryption.h */ = {isa = PBXFileReference; fileEncoding = 4; lastKnownFileType = sourcecode.c.h; path = "NSString+OKEncryption.h"; sourceTree = "<group>"; };
		B50310CF1E1E607F00C11EC4 /* NSString+OKEncryption.m */ = {isa = PBXFileReference; fileEncoding = 4; lastKnownFileType = sourcecode.c.objc; path = "NSString+OKEncryption.m"; sourceTree = "<group>"; };
		B50310D01E1E607F00C11EC4 /* NSString+OKExtention.h */ = {isa = PBXFileReference; fileEncoding = 4; lastKnownFileType = sourcecode.c.h; path = "NSString+OKExtention.h"; sourceTree = "<group>"; };
		B50310D11E1E607F00C11EC4 /* NSString+OKExtention.m */ = {isa = PBXFileReference; fileEncoding = 4; lastKnownFileType = sourcecode.c.objc; path = "NSString+OKExtention.m"; sourceTree = "<group>"; };
		B50310D41E1E607F00C11EC4 /* UIButton+OKExtension.h */ = {isa = PBXFileReference; fileEncoding = 4; lastKnownFileType = sourcecode.c.h; path = "UIButton+OKExtension.h"; sourceTree = "<group>"; };
		B50310D51E1E607F00C11EC4 /* UIButton+OKExtension.m */ = {isa = PBXFileReference; fileEncoding = 4; lastKnownFileType = sourcecode.c.objc; path = "UIButton+OKExtension.m"; sourceTree = "<group>"; };
		B50310D61E1E607F00C11EC4 /* UIDevice+OKExtension.h */ = {isa = PBXFileReference; fileEncoding = 4; lastKnownFileType = sourcecode.c.h; path = "UIDevice+OKExtension.h"; sourceTree = "<group>"; };
		B50310D71E1E607F00C11EC4 /* UIDevice+OKExtension.m */ = {isa = PBXFileReference; fileEncoding = 4; lastKnownFileType = sourcecode.c.objc; path = "UIDevice+OKExtension.m"; sourceTree = "<group>"; };
		B50310D81E1E607F00C11EC4 /* UIImage+OKExtension.h */ = {isa = PBXFileReference; fileEncoding = 4; lastKnownFileType = sourcecode.c.h; path = "UIImage+OKExtension.h"; sourceTree = "<group>"; };
		B50310D91E1E607F00C11EC4 /* UIImage+OKExtension.m */ = {isa = PBXFileReference; fileEncoding = 4; lastKnownFileType = sourcecode.c.objc; path = "UIImage+OKExtension.m"; sourceTree = "<group>"; };
		B50310DA1E1E607F00C11EC4 /* UIImageView+OKCornerRadius.h */ = {isa = PBXFileReference; fileEncoding = 4; lastKnownFileType = sourcecode.c.h; path = "UIImageView+OKCornerRadius.h"; sourceTree = "<group>"; };
		B50310DB1E1E607F00C11EC4 /* UIImageView+OKCornerRadius.m */ = {isa = PBXFileReference; fileEncoding = 4; lastKnownFileType = sourcecode.c.objc; path = "UIImageView+OKCornerRadius.m"; sourceTree = "<group>"; };
		B50310DC1E1E607F00C11EC4 /* UIImageView+OKExtension.h */ = {isa = PBXFileReference; fileEncoding = 4; lastKnownFileType = sourcecode.c.h; path = "UIImageView+OKExtension.h"; sourceTree = "<group>"; };
		B50310DD1E1E607F00C11EC4 /* UIImageView+OKExtension.m */ = {isa = PBXFileReference; fileEncoding = 4; lastKnownFileType = sourcecode.c.objc; path = "UIImageView+OKExtension.m"; sourceTree = "<group>"; };
		B50310DE1E1E607F00C11EC4 /* UILabel+OKExtension.h */ = {isa = PBXFileReference; fileEncoding = 4; lastKnownFileType = sourcecode.c.h; path = "UILabel+OKExtension.h"; sourceTree = "<group>"; };
		B50310DF1E1E607F00C11EC4 /* UILabel+OKExtension.m */ = {isa = PBXFileReference; fileEncoding = 4; lastKnownFileType = sourcecode.c.objc; path = "UILabel+OKExtension.m"; sourceTree = "<group>"; };
		B50310E01E1E607F00C11EC4 /* UITextField+OKExtension.h */ = {isa = PBXFileReference; fileEncoding = 4; lastKnownFileType = sourcecode.c.h; path = "UITextField+OKExtension.h"; sourceTree = "<group>"; };
		B50310E11E1E607F00C11EC4 /* UITextField+OKExtension.m */ = {isa = PBXFileReference; fileEncoding = 4; lastKnownFileType = sourcecode.c.objc; path = "UITextField+OKExtension.m"; sourceTree = "<group>"; };
		B50310E21E1E607F00C11EC4 /* UIView+OKExtension.h */ = {isa = PBXFileReference; fileEncoding = 4; lastKnownFileType = sourcecode.c.h; path = "UIView+OKExtension.h"; sourceTree = "<group>"; };
		B50310E31E1E607F00C11EC4 /* UIView+OKExtension.m */ = {isa = PBXFileReference; fileEncoding = 4; lastKnownFileType = sourcecode.c.objc; path = "UIView+OKExtension.m"; sourceTree = "<group>"; };
		B50310E41E1E607F00C11EC4 /* UIView+OKTool.h */ = {isa = PBXFileReference; fileEncoding = 4; lastKnownFileType = sourcecode.c.h; path = "UIView+OKTool.h"; sourceTree = "<group>"; };
		B50310E51E1E607F00C11EC4 /* UIView+OKTool.m */ = {isa = PBXFileReference; fileEncoding = 4; lastKnownFileType = sourcecode.c.objc; path = "UIView+OKTool.m"; sourceTree = "<group>"; };
		B50310E91E1E607F00C11EC4 /* OKHttpRequestModel.h */ = {isa = PBXFileReference; fileEncoding = 4; lastKnownFileType = sourcecode.c.h; path = OKHttpRequestModel.h; sourceTree = "<group>"; };
		B50310EA1E1E607F00C11EC4 /* OKHttpRequestModel.m */ = {isa = PBXFileReference; fileEncoding = 4; lastKnownFileType = sourcecode.c.objc; path = OKHttpRequestModel.m; sourceTree = "<group>"; };
		B50310EB1E1E607F00C11EC4 /* OKHttpRequestTools.h */ = {isa = PBXFileReference; fileEncoding = 4; lastKnownFileType = sourcecode.c.h; path = OKHttpRequestTools.h; sourceTree = "<group>"; };
		B50310EC1E1E607F00C11EC4 /* OKHttpRequestTools.m */ = {isa = PBXFileReference; fileEncoding = 4; lastKnownFileType = sourcecode.c.objc; path = OKHttpRequestTools.m; sourceTree = "<group>"; };
		B50310EE1E1E607F00C11EC4 /* OKActionSheetView.h */ = {isa = PBXFileReference; fileEncoding = 4; lastKnownFileType = sourcecode.c.h; path = OKActionSheetView.h; sourceTree = "<group>"; };
		B50310EF1E1E607F00C11EC4 /* OKActionSheetView.m */ = {isa = PBXFileReference; fileEncoding = 4; lastKnownFileType = sourcecode.c.objc; path = OKActionSheetView.m; sourceTree = "<group>"; };
		B50310F01E1E607F00C11EC4 /* OKAlertController.h */ = {isa = PBXFileReference; fileEncoding = 4; lastKnownFileType = sourcecode.c.h; path = OKAlertController.h; sourceTree = "<group>"; };
		B50310F11E1E607F00C11EC4 /* OKAlertController.m */ = {isa = PBXFileReference; fileEncoding = 4; lastKnownFileType = sourcecode.c.objc; path = OKAlertController.m; sourceTree = "<group>"; };
		B584C7AB1E31BAD500CB6C81 /* OKColorDefiner.h */ = {isa = PBXFileReference; fileEncoding = 4; lastKnownFileType = sourcecode.c.h; path = OKColorDefiner.h; sourceTree = "<group>"; };
		B584C7AC1E31BAD500CB6C81 /* OKFrameDefiner.h */ = {isa = PBXFileReference; fileEncoding = 4; lastKnownFileType = sourcecode.c.h; path = OKFrameDefiner.h; sourceTree = "<group>"; };
		B584C7AD1E31BAD500CB6C81 /* OKPubilcKeyDefiner.h */ = {isa = PBXFileReference; fileEncoding = 4; lastKnownFileType = sourcecode.c.h; path = OKPubilcKeyDefiner.h; sourceTree = "<group>"; };
		B584C7AE1E31BAD500CB6C81 /* OKPublicConst.h */ = {isa = PBXFileReference; fileEncoding = 4; lastKnownFileType = sourcecode.c.h; path = OKPublicConst.h; sourceTree = "<group>"; };
		B584C7AF1E31BAD500CB6C81 /* OKPublicConst.m */ = {isa = PBXFileReference; fileEncoding = 4; lastKnownFileType = sourcecode.c.objc; path = OKPublicConst.m; sourceTree = "<group>"; };
		B584C7B91E31BD7F00CB6C81 /* OKUtils.h */ = {isa = PBXFileReference; fileEncoding = 4; lastKnownFileType = sourcecode.c.h; path = OKUtils.h; sourceTree = "<group>"; };
		B584C7BA1E31BD7F00CB6C81 /* OKUtils.m */ = {isa = PBXFileReference; fileEncoding = 4; lastKnownFileType = sourcecode.c.objc; path = OKUtils.m; sourceTree = "<group>"; };
		B584C7BE1E31BD9300CB6C81 /* OKBaseViewController.h */ = {isa = PBXFileReference; fileEncoding = 4; lastKnownFileType = sourcecode.c.h; path = OKBaseViewController.h; sourceTree = "<group>"; };
		B584C7BF1E31BD9300CB6C81 /* OKBaseViewController.m */ = {isa = PBXFileReference; fileEncoding = 4; lastKnownFileType = sourcecode.c.objc; path = OKBaseViewController.m; sourceTree = "<group>"; };
		B584C7C41E31BEC000CB6C81 /* OKCommonTipView.h */ = {isa = PBXFileReference; fileEncoding = 4; lastKnownFileType = sourcecode.c.h; path = OKCommonTipView.h; sourceTree = "<group>"; };
		B584C7C51E31BEC000CB6C81 /* OKCommonTipView.m */ = {isa = PBXFileReference; fileEncoding = 4; lastKnownFileType = sourcecode.c.objc; path = OKCommonTipView.m; sourceTree = "<group>"; };
		B584C7C61E31BEC000CB6C81 /* OKFMDBTool.h */ = {isa = PBXFileReference; fileEncoding = 4; lastKnownFileType = sourcecode.c.h; path = OKFMDBTool.h; sourceTree = "<group>"; };
		B584C7C71E31BEC000CB6C81 /* OKFMDBTool.m */ = {isa = PBXFileReference; fileEncoding = 4; lastKnownFileType = sourcecode.c.objc; path = OKFMDBTool.m; sourceTree = "<group>"; };
		B584C7C81E31BEC000CB6C81 /* OKHttpRequestModel+OKExtension.h */ = {isa = PBXFileReference; fileEncoding = 4; lastKnownFileType = sourcecode.c.h; path = "OKHttpRequestModel+OKExtension.h"; sourceTree = "<group>"; };
		B584C7C91E31BEC000CB6C81 /* OKHttpRequestModel+OKExtension.m */ = {isa = PBXFileReference; fileEncoding = 4; lastKnownFileType = sourcecode.c.objc; path = "OKHttpRequestModel+OKExtension.m"; sourceTree = "<group>"; };
		B584C7CA1E31BEC000CB6C81 /* OKHttpRequestTools+OKExtension.h */ = {isa = PBXFileReference; fileEncoding = 4; lastKnownFileType = sourcecode.c.h; path = "OKHttpRequestTools+OKExtension.h"; sourceTree = "<group>"; };
		B584C7CB1E31BEC000CB6C81 /* OKHttpRequestTools+OKExtension.m */ = {isa = PBXFileReference; fileEncoding = 4; lastKnownFileType = sourcecode.c.objc; path = "OKHttpRequestTools+OKExtension.m"; sourceTree = "<group>"; };
		B584C7CC1E31BEC000CB6C81 /* UITableView+OKRequestExtension.h */ = {isa = PBXFileReference; fileEncoding = 4; lastKnownFileType = sourcecode.c.h; path = "UITableView+OKRequestExtension.h"; sourceTree = "<group>"; };
		B584C7CD1E31BEC000CB6C81 /* UITableView+OKRequestExtension.m */ = {isa = PBXFileReference; fileEncoding = 4; lastKnownFileType = sourcecode.c.objc; path = "UITableView+OKRequestExtension.m"; sourceTree = "<group>"; };
		B584C7CF1E31BEC000CB6C81 /* OKPhotoBrowserHelp.h */ = {isa = PBXFileReference; fileEncoding = 4; lastKnownFileType = sourcecode.c.h; path = OKPhotoBrowserHelp.h; sourceTree = "<group>"; };
		B584C7D01E31BEC000CB6C81 /* OKPhotoBrowserHelp.m */ = {isa = PBXFileReference; fileEncoding = 4; lastKnownFileType = sourcecode.c.objc; path = OKPhotoBrowserHelp.m; sourceTree = "<group>"; };
		B584C7D11E31BEC000CB6C81 /* OKPickerPhotoHelp.h */ = {isa = PBXFileReference; fileEncoding = 4; lastKnownFileType = sourcecode.c.h; path = OKPickerPhotoHelp.h; sourceTree = "<group>"; };
		B584C7D21E31BEC000CB6C81 /* OKPickerPhotoHelp.m */ = {isa = PBXFileReference; fileEncoding = 4; lastKnownFileType = sourcecode.c.objc; path = OKPickerPhotoHelp.m; sourceTree = "<group>"; };
		B584C7D31E31BEC000CB6C81 /* ZLPhoto.h */ = {isa = PBXFileReference; fileEncoding = 4; lastKnownFileType = sourcecode.c.h; path = ZLPhoto.h; sourceTree = "<group>"; };
		B584C7D61E31BEC000CB6C81 /* UIImage+ZLPhotoLib.h */ = {isa = PBXFileReference; fileEncoding = 4; lastKnownFileType = sourcecode.c.h; path = "UIImage+ZLPhotoLib.h"; sourceTree = "<group>"; };
		B584C7D71E31BEC000CB6C81 /* UIImage+ZLPhotoLib.m */ = {isa = PBXFileReference; fileEncoding = 4; lastKnownFileType = sourcecode.c.objc; path = "UIImage+ZLPhotoLib.m"; sourceTree = "<group>"; };
		B584C7D81E31BEC000CB6C81 /* ZLPhotoPickerBrowserPhoto.h */ = {isa = PBXFileReference; fileEncoding = 4; lastKnownFileType = sourcecode.c.h; path = ZLPhotoPickerBrowserPhoto.h; sourceTree = "<group>"; };
		B584C7D91E31BEC000CB6C81 /* ZLPhotoPickerBrowserPhoto.m */ = {isa = PBXFileReference; fileEncoding = 4; lastKnownFileType = sourcecode.c.objc; path = ZLPhotoPickerBrowserPhoto.m; sourceTree = "<group>"; };
		B584C7DA1E31BEC000CB6C81 /* ZLPhotoRect.h */ = {isa = PBXFileReference; fileEncoding = 4; lastKnownFileType = sourcecode.c.h; path = ZLPhotoRect.h; sourceTree = "<group>"; };
		B584C7DB1E31BEC000CB6C81 /* ZLPhotoRect.m */ = {isa = PBXFileReference; fileEncoding = 4; lastKnownFileType = sourcecode.c.objc; path = ZLPhotoRect.m; sourceTree = "<group>"; };
		B584C7DD1E31BEC000CB6C81 /* ZLPhotoPickerBrowserViewController+SignlePhotoBrowser.h */ = {isa = PBXFileReference; fileEncoding = 4; lastKnownFileType = sourcecode.c.h; path = "ZLPhotoPickerBrowserViewController+SignlePhotoBrowser.h"; sourceTree = "<group>"; };
		B584C7DE1E31BEC000CB6C81 /* ZLPhotoPickerBrowserViewController+SignlePhotoBrowser.m */ = {isa = PBXFileReference; fileEncoding = 4; lastKnownFileType = sourcecode.c.objc; path = "ZLPhotoPickerBrowserViewController+SignlePhotoBrowser.m"; sourceTree = "<group>"; };
		B584C7DF1E31BEC000CB6C81 /* ZLPhotoPickerBrowserViewController.h */ = {isa = PBXFileReference; fileEncoding = 4; lastKnownFileType = sourcecode.c.h; path = ZLPhotoPickerBrowserViewController.h; sourceTree = "<group>"; };
		B584C7E01E31BEC000CB6C81 /* ZLPhotoPickerBrowserViewController.m */ = {isa = PBXFileReference; fileEncoding = 4; lastKnownFileType = sourcecode.c.objc; path = ZLPhotoPickerBrowserViewController.m; sourceTree = "<group>"; };
		B584C7E21E31BEC000CB6C81 /* DACircularProgressView.h */ = {isa = PBXFileReference; fileEncoding = 4; lastKnownFileType = sourcecode.c.h; path = DACircularProgressView.h; sourceTree = "<group>"; };
		B584C7E31E31BEC000CB6C81 /* DACircularProgressView.m */ = {isa = PBXFileReference; fileEncoding = 4; lastKnownFileType = sourcecode.c.objc; path = DACircularProgressView.m; sourceTree = "<group>"; };
		B584C7E41E31BEC000CB6C81 /* ZLPhotoPickerBrowserPhotoImageView.h */ = {isa = PBXFileReference; fileEncoding = 4; lastKnownFileType = sourcecode.c.h; path = ZLPhotoPickerBrowserPhotoImageView.h; sourceTree = "<group>"; };
		B584C7E51E31BEC000CB6C81 /* ZLPhotoPickerBrowserPhotoImageView.m */ = {isa = PBXFileReference; fileEncoding = 4; lastKnownFileType = sourcecode.c.objc; path = ZLPhotoPickerBrowserPhotoImageView.m; sourceTree = "<group>"; };
		B584C7E61E31BEC000CB6C81 /* ZLPhotoPickerBrowserPhotoScrollView.h */ = {isa = PBXFileReference; fileEncoding = 4; lastKnownFileType = sourcecode.c.h; path = ZLPhotoPickerBrowserPhotoScrollView.h; sourceTree = "<group>"; };
		B584C7E71E31BEC000CB6C81 /* ZLPhotoPickerBrowserPhotoScrollView.m */ = {isa = PBXFileReference; fileEncoding = 4; lastKnownFileType = sourcecode.c.objc; path = ZLPhotoPickerBrowserPhotoScrollView.m; sourceTree = "<group>"; };
		B584C7E81E31BEC000CB6C81 /* ZLPhotoPickerBrowserPhotoView.h */ = {isa = PBXFileReference; fileEncoding = 4; lastKnownFileType = sourcecode.c.h; path = ZLPhotoPickerBrowserPhotoView.h; sourceTree = "<group>"; };
		B584C7E91E31BEC000CB6C81 /* ZLPhotoPickerBrowserPhotoView.m */ = {isa = PBXFileReference; fileEncoding = 4; lastKnownFileType = sourcecode.c.objc; path = ZLPhotoPickerBrowserPhotoView.m; sourceTree = "<group>"; };
		B584C7EA1E31BEC000CB6C81 /* ZLPhotoPickerCustomToolBarView.h */ = {isa = PBXFileReference; fileEncoding = 4; lastKnownFileType = sourcecode.c.h; path = ZLPhotoPickerCustomToolBarView.h; sourceTree = "<group>"; };
		B584C7EB1E31BEC000CB6C81 /* ZLPhotoPickerCustomToolBarView.m */ = {isa = PBXFileReference; fileEncoding = 4; lastKnownFileType = sourcecode.c.objc; path = ZLPhotoPickerCustomToolBarView.m; sourceTree = "<group>"; };
		B584C7EC1E31BEC000CB6C81 /* ZLPhotoLib.bundle */ = {isa = PBXFileReference; lastKnownFileType = "wrapper.plug-in"; path = ZLPhotoLib.bundle; sourceTree = "<group>"; };
		B584C7EF1E31BEC000CB6C81 /* ZLPhotoAssets.h */ = {isa = PBXFileReference; fileEncoding = 4; lastKnownFileType = sourcecode.c.h; path = ZLPhotoAssets.h; sourceTree = "<group>"; };
		B584C7F01E31BEC000CB6C81 /* ZLPhotoAssets.m */ = {isa = PBXFileReference; fileEncoding = 4; lastKnownFileType = sourcecode.c.objc; path = ZLPhotoAssets.m; sourceTree = "<group>"; };
		B584C7F11E31BEC000CB6C81 /* ZLPhotoPickerDatas.h */ = {isa = PBXFileReference; fileEncoding = 4; lastKnownFileType = sourcecode.c.h; path = ZLPhotoPickerDatas.h; sourceTree = "<group>"; };
		B584C7F21E31BEC000CB6C81 /* ZLPhotoPickerDatas.m */ = {isa = PBXFileReference; fileEncoding = 4; lastKnownFileType = sourcecode.c.objc; path = ZLPhotoPickerDatas.m; sourceTree = "<group>"; };
		B584C7F31E31BEC000CB6C81 /* ZLPhotoPickerGroup.h */ = {isa = PBXFileReference; fileEncoding = 4; lastKnownFileType = sourcecode.c.h; path = ZLPhotoPickerGroup.h; sourceTree = "<group>"; };
		B584C7F41E31BEC000CB6C81 /* ZLPhotoPickerGroup.m */ = {isa = PBXFileReference; fileEncoding = 4; lastKnownFileType = sourcecode.c.objc; path = ZLPhotoPickerGroup.m; sourceTree = "<group>"; };
		B584C7F61E31BEC000CB6C81 /* ZLPhotoPickerAssetsViewController.h */ = {isa = PBXFileReference; fileEncoding = 4; lastKnownFileType = sourcecode.c.h; path = ZLPhotoPickerAssetsViewController.h; sourceTree = "<group>"; };
		B584C7F71E31BEC000CB6C81 /* ZLPhotoPickerAssetsViewController.m */ = {isa = PBXFileReference; fileEncoding = 4; lastKnownFileType = sourcecode.c.objc; path = ZLPhotoPickerAssetsViewController.m; sourceTree = "<group>"; };
		B584C7F81E31BEC000CB6C81 /* ZLPhotoPickerGroupViewController.h */ = {isa = PBXFileReference; fileEncoding = 4; lastKnownFileType = sourcecode.c.h; path = ZLPhotoPickerGroupViewController.h; sourceTree = "<group>"; };
		B584C7F91E31BEC000CB6C81 /* ZLPhotoPickerGroupViewController.m */ = {isa = PBXFileReference; fileEncoding = 4; lastKnownFileType = sourcecode.c.objc; path = ZLPhotoPickerGroupViewController.m; sourceTree = "<group>"; };
		B584C7FA1E31BEC000CB6C81 /* ZLPhotoPickerViewController.h */ = {isa = PBXFileReference; fileEncoding = 4; lastKnownFileType = sourcecode.c.h; path = ZLPhotoPickerViewController.h; sourceTree = "<group>"; };
		B584C7FB1E31BEC000CB6C81 /* ZLPhotoPickerViewController.m */ = {isa = PBXFileReference; fileEncoding = 4; lastKnownFileType = sourcecode.c.objc; path = ZLPhotoPickerViewController.m; sourceTree = "<group>"; };
		B584C7FD1E31BEC000CB6C81 /* ZLPhotoPickerCollectionView.h */ = {isa = PBXFileReference; fileEncoding = 4; lastKnownFileType = sourcecode.c.h; path = ZLPhotoPickerCollectionView.h; sourceTree = "<group>"; };
		B584C7FE1E31BEC000CB6C81 /* ZLPhotoPickerCollectionView.m */ = {isa = PBXFileReference; fileEncoding = 4; lastKnownFileType = sourcecode.c.objc; path = ZLPhotoPickerCollectionView.m; sourceTree = "<group>"; };
		B584C7FF1E31BEC000CB6C81 /* ZLPhotoPickerCollectionViewCell.h */ = {isa = PBXFileReference; fileEncoding = 4; lastKnownFileType = sourcecode.c.h; path = ZLPhotoPickerCollectionViewCell.h; sourceTree = "<group>"; };
		B584C8001E31BEC000CB6C81 /* ZLPhotoPickerCollectionViewCell.m */ = {isa = PBXFileReference; fileEncoding = 4; lastKnownFileType = sourcecode.c.objc; path = ZLPhotoPickerCollectionViewCell.m; sourceTree = "<group>"; };
		B584C8011E31BEC000CB6C81 /* ZLPhotoPickerFooterCollectionReusableView.h */ = {isa = PBXFileReference; fileEncoding = 4; lastKnownFileType = sourcecode.c.h; path = ZLPhotoPickerFooterCollectionReusableView.h; sourceTree = "<group>"; };
		B584C8021E31BEC000CB6C81 /* ZLPhotoPickerFooterCollectionReusableView.m */ = {isa = PBXFileReference; fileEncoding = 4; lastKnownFileType = sourcecode.c.objc; path = ZLPhotoPickerFooterCollectionReusableView.m; sourceTree = "<group>"; };
		B584C8031E31BEC000CB6C81 /* ZLPhotoPickerGroupTableViewCell.h */ = {isa = PBXFileReference; fileEncoding = 4; lastKnownFileType = sourcecode.c.h; path = ZLPhotoPickerGroupTableViewCell.h; sourceTree = "<group>"; };
		B584C8041E31BEC000CB6C81 /* ZLPhotoPickerGroupTableViewCell.m */ = {isa = PBXFileReference; fileEncoding = 4; lastKnownFileType = sourcecode.c.objc; path = ZLPhotoPickerGroupTableViewCell.m; sourceTree = "<group>"; };
		B584C8051E31BEC000CB6C81 /* ZLPhotoPickerImageView.h */ = {isa = PBXFileReference; fileEncoding = 4; lastKnownFileType = sourcecode.c.h; path = ZLPhotoPickerImageView.h; sourceTree = "<group>"; };
		B584C8061E31BEC000CB6C81 /* ZLPhotoPickerImageView.m */ = {isa = PBXFileReference; fileEncoding = 4; lastKnownFileType = sourcecode.c.objc; path = ZLPhotoPickerImageView.m; sourceTree = "<group>"; };
		B584C8071E31BEC000CB6C81 /* ZLPhotoPickerCommon.h */ = {isa = PBXFileReference; fileEncoding = 4; lastKnownFileType = sourcecode.c.h; path = ZLPhotoPickerCommon.h; sourceTree = "<group>"; };
		B584C8431E31DE3200CB6C81 /* OKBaseNavigationVC.h */ = {isa = PBXFileReference; fileEncoding = 4; lastKnownFileType = sourcecode.c.h; path = OKBaseNavigationVC.h; sourceTree = "<group>"; };
		B584C8441E31DE3200CB6C81 /* OKBaseNavigationVC.m */ = {isa = PBXFileReference; fileEncoding = 4; lastKnownFileType = sourcecode.c.objc; path = OKBaseNavigationVC.m; sourceTree = "<group>"; };
		B584C8471E31E0E700CB6C81 /* UIBarButtonItem+OKExtension.h */ = {isa = PBXFileReference; fileEncoding = 4; lastKnownFileType = sourcecode.c.h; path = "UIBarButtonItem+OKExtension.h"; sourceTree = "<group>"; };
		B584C8481E31E0E700CB6C81 /* UIBarButtonItem+OKExtension.m */ = {isa = PBXFileReference; fileEncoding = 4; lastKnownFileType = sourcecode.c.objc; path = "UIBarButtonItem+OKExtension.m"; sourceTree = "<group>"; };
		B584C84B1E31E62900CB6C81 /* UIViewController+OKExtension.h */ = {isa = PBXFileReference; fileEncoding = 4; lastKnownFileType = sourcecode.c.h; path = "UIViewController+OKExtension.h"; sourceTree = "<group>"; };
		B584C84C1E31E62900CB6C81 /* UIViewController+OKExtension.m */ = {isa = PBXFileReference; fileEncoding = 4; lastKnownFileType = sourcecode.c.objc; path = "UIViewController+OKExtension.m"; sourceTree = "<group>"; };
		B584C8551E31F42700CB6C81 /* commonImage.bundle */ = {isa = PBXFileReference; lastKnownFileType = "wrapper.plug-in"; path = commonImage.bundle; sourceTree = "<group>"; };
		B584C85B1E31F55700CB6C81 /* OKCFunction.h */ = {isa = PBXFileReference; fileEncoding = 4; lastKnownFileType = sourcecode.c.h; path = OKCFunction.h; sourceTree = "<group>"; };
		B584C85C1E31F55700CB6C81 /* OKCFunction.m */ = {isa = PBXFileReference; fileEncoding = 4; lastKnownFileType = sourcecode.c.objc; path = OKCFunction.m; sourceTree = "<group>"; };
		B5E8BD2D1E2F55DD00D0F73D /* OKReachabilityManager.h */ = {isa = PBXFileReference; fileEncoding = 4; lastKnownFileType = sourcecode.c.h; path = OKReachabilityManager.h; sourceTree = "<group>"; };
		B5E8BD2E1E2F55DD00D0F73D /* OKReachabilityManager.m */ = {isa = PBXFileReference; fileEncoding = 4; lastKnownFileType = sourcecode.c.objc; path = OKReachabilityManager.m; sourceTree = "<group>"; };
		D75B7CE185F50916618B66A4 /* Pods-CommonFrameWork.release.xcconfig */ = {isa = PBXFileReference; includeInIndex = 1; lastKnownFileType = text.xcconfig; name = "Pods-CommonFrameWork.release.xcconfig"; path = "../Pods/Target Support Files/Pods-CommonFrameWork/Pods-CommonFrameWork.release.xcconfig"; sourceTree = "<group>"; };
		F265C7404E441C7D5E566E31 /* Pods-CommonFrameWork.debug.xcconfig */ = {isa = PBXFileReference; includeInIndex = 1; lastKnownFileType = text.xcconfig; name = "Pods-CommonFrameWork.debug.xcconfig"; path = "../Pods/Target Support Files/Pods-CommonFrameWork/Pods-CommonFrameWork.debug.xcconfig"; sourceTree = "<group>"; };
/* End PBXFileReference section */

/* Begin PBXFrameworksBuildPhase section */
		B50310A21E1E5CB200C11EC4 /* Frameworks */ = {
			isa = PBXFrameworksBuildPhase;
			buildActionMask = 2147483647;
			files = (
				F742917AA1FF6DFCD98BDDB7 /* libPods-CommonFrameWork.a in Frameworks */,
			);
			runOnlyForDeploymentPostprocessing = 0;
		};
/* End PBXFrameworksBuildPhase section */

/* Begin PBXGroup section */
		AB915BB121F45FE2BC39DB01 /* Pods */ = {
			isa = PBXGroup;
			children = (
				F265C7404E441C7D5E566E31 /* Pods-CommonFrameWork.debug.xcconfig */,
				D75B7CE185F50916618B66A4 /* Pods-CommonFrameWork.release.xcconfig */,
			);
			name = Pods;
			sourceTree = "<group>";
		};
		B503109C1E1E5CB200C11EC4 = {
			isa = PBXGroup;
			children = (
				B50310A81E1E5CB200C11EC4 /* CommonFrameWork */,
				B50310A71E1E5CB200C11EC4 /* Products */,
				AB915BB121F45FE2BC39DB01 /* Pods */,
				EF2FB7CC0FE2F07364690512 /* Frameworks */,
			);
			sourceTree = "<group>";
		};
		B50310A71E1E5CB200C11EC4 /* Products */ = {
			isa = PBXGroup;
			children = (
				B50310A61E1E5CB200C11EC4 /* CommonFrameWork.framework */,
			);
			name = Products;
			sourceTree = "<group>";
		};
		B50310A81E1E5CB200C11EC4 /* CommonFrameWork */ = {
			isa = PBXGroup;
			children = (
				B50310A91E1E5CB200C11EC4 /* CommonFrameWork.h */,
				B584C7C21E31BEC000CB6C81 /* CommonOtherLib */,
				B50310E61E1E607F00C11EC4 /* CommonSendHttpTools */,
				B50310BA1E1E607F00C11EC4 /* CommonCategory */,
				B5E8BD2C1E2F55DD00D0F73D /* CommonUtils */,
				B584C7BD1E31BD9300CB6C81 /* CommonVC */,
				B50310ED1E1E607F00C11EC4 /* CommonView */,
				B584C7AA1E31BAD500CB6C81 /* CommonHeadDefiner */,
				B50310AA1E1E5CB200C11EC4 /* Info.plist */,
				B584C8551E31F42700CB6C81 /* commonImage.bundle */,
			);
			path = CommonFrameWork;
			sourceTree = "<group>";
		};
		B50310BA1E1E607F00C11EC4 /* CommonCategory */ = {
			isa = PBXGroup;
			children = (
				B50310BB1E1E607F00C11EC4 /* Foundation+Log.m */,
				B50310BC1E1E607F00C11EC4 /* GTMBase64.h */,
				B50310BD1E1E607F00C11EC4 /* GTMBase64.m */,
				B50310BE1E1E607F00C11EC4 /* GTMDefines.h */,
				B50310BF1E1E607F00C11EC4 /* NSArray+OKExtention.h */,
				B50310C01E1E607F00C11EC4 /* NSArray+OKExtention.m */,
				B50310C11E1E607F00C11EC4 /* NSDate+OKExtension.h */,
				B50310C21E1E607F00C11EC4 /* NSDate+OKExtension.m */,
				B50310C31E1E607F00C11EC4 /* NSDictionary+OKExtension.h */,
				B50310C41E1E607F00C11EC4 /* NSDictionary+OKExtension.m */,
				B50310C51E1E607F00C11EC4 /* NSMutableArray+OKExtension.h */,
				B50310C61E1E607F00C11EC4 /* NSMutableArray+OKExtension.m */,
				B50310C71E1E607F00C11EC4 /* NSMutableDictionary+OKExtension.h */,
				B50310C81E1E607F00C11EC4 /* NSMutableDictionary+OKExtension.m */,
				B50310C91E1E607F00C11EC4 /* NSNull+OKSafely.h */,
				B50310CA1E1E607F00C11EC4 /* NSNull+OKSafely.m */,
				B50310CB1E1E607F00C11EC4 /* NSObject+OKExtension.h */,
				B50310CC1E1E607F00C11EC4 /* NSObject+OKRuntime.h */,
				B50310CD1E1E607F00C11EC4 /* NSObject+OKRuntime.m */,
				A30693551E1EAB7B0023DE5E /* NSObject+NeverCrash.h */,
				A30693561E1EAB7B0023DE5E /* NSObject+NeverCrash.m */,
				B50310CE1E1E607F00C11EC4 /* NSString+OKEncryption.h */,
				B50310CF1E1E607F00C11EC4 /* NSString+OKEncryption.m */,
				B50310D01E1E607F00C11EC4 /* NSString+OKExtention.h */,
				B50310D11E1E607F00C11EC4 /* NSString+OKExtention.m */,
				B50310D41E1E607F00C11EC4 /* UIButton+OKExtension.h */,
				B50310D51E1E607F00C11EC4 /* UIButton+OKExtension.m */,
				B584C8471E31E0E700CB6C81 /* UIBarButtonItem+OKExtension.h */,
				B584C8481E31E0E700CB6C81 /* UIBarButtonItem+OKExtension.m */,
				B50310D61E1E607F00C11EC4 /* UIDevice+OKExtension.h */,
				B50310D71E1E607F00C11EC4 /* UIDevice+OKExtension.m */,
				B50310D81E1E607F00C11EC4 /* UIImage+OKExtension.h */,
				B50310D91E1E607F00C11EC4 /* UIImage+OKExtension.m */,
				B50310DA1E1E607F00C11EC4 /* UIImageView+OKCornerRadius.h */,
				B50310DB1E1E607F00C11EC4 /* UIImageView+OKCornerRadius.m */,
				B50310DC1E1E607F00C11EC4 /* UIImageView+OKExtension.h */,
				B50310DD1E1E607F00C11EC4 /* UIImageView+OKExtension.m */,
				B50310DE1E1E607F00C11EC4 /* UILabel+OKExtension.h */,
				B50310DF1E1E607F00C11EC4 /* UILabel+OKExtension.m */,
				B50310E01E1E607F00C11EC4 /* UITextField+OKExtension.h */,
				B50310E11E1E607F00C11EC4 /* UITextField+OKExtension.m */,
				B50310E21E1E607F00C11EC4 /* UIView+OKExtension.h */,
				B50310E31E1E607F00C11EC4 /* UIView+OKExtension.m */,
				B50310E41E1E607F00C11EC4 /* UIView+OKTool.h */,
				B50310E51E1E607F00C11EC4 /* UIView+OKTool.m */,
				A30693501E1E98C30023DE5E /* UITabBar+BadgeView.h */,
				A30693511E1E98C30023DE5E /* UITabBar+BadgeView.m */,
				A3FC95E71E2FA688001EA205 /* UINavigationController+OKExtension.h */,
				A3FC95E81E2FA688001EA205 /* UINavigationController+OKExtension.m */,
				B584C84B1E31E62900CB6C81 /* UIViewController+OKExtension.h */,
				B584C84C1E31E62900CB6C81 /* UIViewController+OKExtension.m */,
			);
			path = CommonCategory;
			sourceTree = "<group>";
		};
		B50310E61E1E607F00C11EC4 /* CommonSendHttpTools */ = {
			isa = PBXGroup;
			children = (
				B50310E91E1E607F00C11EC4 /* OKHttpRequestModel.h */,
				B50310EA1E1E607F00C11EC4 /* OKHttpRequestModel.m */,
				B50310EB1E1E607F00C11EC4 /* OKHttpRequestTools.h */,
				B50310EC1E1E607F00C11EC4 /* OKHttpRequestTools.m */,
			);
			path = CommonSendHttpTools;
			sourceTree = "<group>";
		};
		B50310ED1E1E607F00C11EC4 /* CommonView */ = {
			isa = PBXGroup;
			children = (
				B50310EE1E1E607F00C11EC4 /* OKActionSheetView.h */,
				B50310EF1E1E607F00C11EC4 /* OKActionSheetView.m */,
				B50310F01E1E607F00C11EC4 /* OKAlertController.h */,
				B50310F11E1E607F00C11EC4 /* OKAlertController.m */,
			);
			path = CommonView;
			sourceTree = "<group>";
		};
		B584C7AA1E31BAD500CB6C81 /* CommonHeadDefiner */ = {
			isa = PBXGroup;
			children = (
				B584C7AB1E31BAD500CB6C81 /* OKColorDefiner.h */,
				B584C7AC1E31BAD500CB6C81 /* OKFrameDefiner.h */,
				B584C7AD1E31BAD500CB6C81 /* OKPubilcKeyDefiner.h */,
				B584C7AE1E31BAD500CB6C81 /* OKPublicConst.h */,
				B584C7AF1E31BAD500CB6C81 /* OKPublicConst.m */,
			);
			path = CommonHeadDefiner;
			sourceTree = "<group>";
		};
		B584C7BD1E31BD9300CB6C81 /* CommonVC */ = {
			isa = PBXGroup;
			children = (
				B584C7BE1E31BD9300CB6C81 /* OKBaseViewController.h */,
				B584C7BF1E31BD9300CB6C81 /* OKBaseViewController.m */,
				B584C8431E31DE3200CB6C81 /* OKBaseNavigationVC.h */,
				B584C8441E31DE3200CB6C81 /* OKBaseNavigationVC.m */,
			);
			path = CommonVC;
			sourceTree = "<group>";
		};
		B584C7C21E31BEC000CB6C81 /* CommonOtherLib */ = {
			isa = PBXGroup;
			children = (
				B584C7C31E31BEC000CB6C81 /* OKExtensionSendHttp */,
				B584C7CE1E31BEC000CB6C81 /* OKPhotoLib */,
			);
			path = CommonOtherLib;
			sourceTree = "<group>";
		};
		B584C7C31E31BEC000CB6C81 /* OKExtensionSendHttp */ = {
			isa = PBXGroup;
			children = (
				B584C7C61E31BEC000CB6C81 /* OKFMDBTool.h */,
				B584C7C71E31BEC000CB6C81 /* OKFMDBTool.m */,
				B584C7C41E31BEC000CB6C81 /* OKCommonTipView.h */,
				B584C7C51E31BEC000CB6C81 /* OKCommonTipView.m */,
				B584C7CC1E31BEC000CB6C81 /* UITableView+OKRequestExtension.h */,
				B584C7CD1E31BEC000CB6C81 /* UITableView+OKRequestExtension.m */,
				B584C7C81E31BEC000CB6C81 /* OKHttpRequestModel+OKExtension.h */,
				B584C7C91E31BEC000CB6C81 /* OKHttpRequestModel+OKExtension.m */,
				B584C7CA1E31BEC000CB6C81 /* OKHttpRequestTools+OKExtension.h */,
				B584C7CB1E31BEC000CB6C81 /* OKHttpRequestTools+OKExtension.m */,
			);
			path = OKExtensionSendHttp;
			sourceTree = "<group>";
		};
		B584C7CE1E31BEC000CB6C81 /* OKPhotoLib */ = {
			isa = PBXGroup;
			children = (
				B584C7CF1E31BEC000CB6C81 /* OKPhotoBrowserHelp.h */,
				B584C7D01E31BEC000CB6C81 /* OKPhotoBrowserHelp.m */,
				B584C7D11E31BEC000CB6C81 /* OKPickerPhotoHelp.h */,
				B584C7D21E31BEC000CB6C81 /* OKPickerPhotoHelp.m */,
				B584C7D31E31BEC000CB6C81 /* ZLPhoto.h */,
				B584C7D41E31BEC000CB6C81 /* ZLPhotoBrowser */,
				B584C7EC1E31BEC000CB6C81 /* ZLPhotoLib.bundle */,
				B584C7ED1E31BEC000CB6C81 /* ZLPhotoPicker */,
				B584C8071E31BEC000CB6C81 /* ZLPhotoPickerCommon.h */,
			);
			path = OKPhotoLib;
			sourceTree = "<group>";
		};
		B584C7D41E31BEC000CB6C81 /* ZLPhotoBrowser */ = {
			isa = PBXGroup;
			children = (
				B584C7D51E31BEC000CB6C81 /* Models */,
				B584C7DC1E31BEC000CB6C81 /* ViewControllers */,
				B584C7E11E31BEC000CB6C81 /* Views */,
			);
			path = ZLPhotoBrowser;
			sourceTree = "<group>";
		};
		B584C7D51E31BEC000CB6C81 /* Models */ = {
			isa = PBXGroup;
			children = (
				B584C7D61E31BEC000CB6C81 /* UIImage+ZLPhotoLib.h */,
				B584C7D71E31BEC000CB6C81 /* UIImage+ZLPhotoLib.m */,
				B584C7D81E31BEC000CB6C81 /* ZLPhotoPickerBrowserPhoto.h */,
				B584C7D91E31BEC000CB6C81 /* ZLPhotoPickerBrowserPhoto.m */,
				B584C7DA1E31BEC000CB6C81 /* ZLPhotoRect.h */,
				B584C7DB1E31BEC000CB6C81 /* ZLPhotoRect.m */,
			);
			path = Models;
			sourceTree = "<group>";
		};
		B584C7DC1E31BEC000CB6C81 /* ViewControllers */ = {
			isa = PBXGroup;
			children = (
				B584C7DD1E31BEC000CB6C81 /* ZLPhotoPickerBrowserViewController+SignlePhotoBrowser.h */,
				B584C7DE1E31BEC000CB6C81 /* ZLPhotoPickerBrowserViewController+SignlePhotoBrowser.m */,
				B584C7DF1E31BEC000CB6C81 /* ZLPhotoPickerBrowserViewController.h */,
				B584C7E01E31BEC000CB6C81 /* ZLPhotoPickerBrowserViewController.m */,
			);
			path = ViewControllers;
			sourceTree = "<group>";
		};
		B584C7E11E31BEC000CB6C81 /* Views */ = {
			isa = PBXGroup;
			children = (
				B584C7E21E31BEC000CB6C81 /* DACircularProgressView.h */,
				B584C7E31E31BEC000CB6C81 /* DACircularProgressView.m */,
				B584C7E41E31BEC000CB6C81 /* ZLPhotoPickerBrowserPhotoImageView.h */,
				B584C7E51E31BEC000CB6C81 /* ZLPhotoPickerBrowserPhotoImageView.m */,
				B584C7E61E31BEC000CB6C81 /* ZLPhotoPickerBrowserPhotoScrollView.h */,
				B584C7E71E31BEC000CB6C81 /* ZLPhotoPickerBrowserPhotoScrollView.m */,
				B584C7E81E31BEC000CB6C81 /* ZLPhotoPickerBrowserPhotoView.h */,
				B584C7E91E31BEC000CB6C81 /* ZLPhotoPickerBrowserPhotoView.m */,
				B584C7EA1E31BEC000CB6C81 /* ZLPhotoPickerCustomToolBarView.h */,
				B584C7EB1E31BEC000CB6C81 /* ZLPhotoPickerCustomToolBarView.m */,
			);
			path = Views;
			sourceTree = "<group>";
		};
		B584C7ED1E31BEC000CB6C81 /* ZLPhotoPicker */ = {
			isa = PBXGroup;
			children = (
				B584C7EE1E31BEC000CB6C81 /* Models */,
				B584C7F51E31BEC000CB6C81 /* ViewControllers */,
				B584C7FC1E31BEC000CB6C81 /* Views */,
			);
			path = ZLPhotoPicker;
			sourceTree = "<group>";
		};
		B584C7EE1E31BEC000CB6C81 /* Models */ = {
			isa = PBXGroup;
			children = (
				B584C7EF1E31BEC000CB6C81 /* ZLPhotoAssets.h */,
				B584C7F01E31BEC000CB6C81 /* ZLPhotoAssets.m */,
				B584C7F11E31BEC000CB6C81 /* ZLPhotoPickerDatas.h */,
				B584C7F21E31BEC000CB6C81 /* ZLPhotoPickerDatas.m */,
				B584C7F31E31BEC000CB6C81 /* ZLPhotoPickerGroup.h */,
				B584C7F41E31BEC000CB6C81 /* ZLPhotoPickerGroup.m */,
			);
			path = Models;
			sourceTree = "<group>";
		};
		B584C7F51E31BEC000CB6C81 /* ViewControllers */ = {
			isa = PBXGroup;
			children = (
				B584C7F61E31BEC000CB6C81 /* ZLPhotoPickerAssetsViewController.h */,
				B584C7F71E31BEC000CB6C81 /* ZLPhotoPickerAssetsViewController.m */,
				B584C7F81E31BEC000CB6C81 /* ZLPhotoPickerGroupViewController.h */,
				B584C7F91E31BEC000CB6C81 /* ZLPhotoPickerGroupViewController.m */,
				B584C7FA1E31BEC000CB6C81 /* ZLPhotoPickerViewController.h */,
				B584C7FB1E31BEC000CB6C81 /* ZLPhotoPickerViewController.m */,
			);
			path = ViewControllers;
			sourceTree = "<group>";
		};
		B584C7FC1E31BEC000CB6C81 /* Views */ = {
			isa = PBXGroup;
			children = (
				B584C7FD1E31BEC000CB6C81 /* ZLPhotoPickerCollectionView.h */,
				B584C7FE1E31BEC000CB6C81 /* ZLPhotoPickerCollectionView.m */,
				B584C7FF1E31BEC000CB6C81 /* ZLPhotoPickerCollectionViewCell.h */,
				B584C8001E31BEC000CB6C81 /* ZLPhotoPickerCollectionViewCell.m */,
				B584C8011E31BEC000CB6C81 /* ZLPhotoPickerFooterCollectionReusableView.h */,
				B584C8021E31BEC000CB6C81 /* ZLPhotoPickerFooterCollectionReusableView.m */,
				B584C8031E31BEC000CB6C81 /* ZLPhotoPickerGroupTableViewCell.h */,
				B584C8041E31BEC000CB6C81 /* ZLPhotoPickerGroupTableViewCell.m */,
				B584C8051E31BEC000CB6C81 /* ZLPhotoPickerImageView.h */,
				B584C8061E31BEC000CB6C81 /* ZLPhotoPickerImageView.m */,
			);
			path = Views;
			sourceTree = "<group>";
		};
		B5E8BD2C1E2F55DD00D0F73D /* CommonUtils */ = {
			isa = PBXGroup;
			children = (
				B5E8BD2D1E2F55DD00D0F73D /* OKReachabilityManager.h */,
				B5E8BD2E1E2F55DD00D0F73D /* OKReachabilityManager.m */,
				B584C7B91E31BD7F00CB6C81 /* OKUtils.h */,
				B584C7BA1E31BD7F00CB6C81 /* OKUtils.m */,
				B584C85B1E31F55700CB6C81 /* OKCFunction.h */,
				B584C85C1E31F55700CB6C81 /* OKCFunction.m */,
			);
			path = CommonUtils;
			sourceTree = "<group>";
		};
		EF2FB7CC0FE2F07364690512 /* Frameworks */ = {
			isa = PBXGroup;
			children = (
				677F0A896830251DDCBB58F8 /* libPods-CommonFrameWork.a */,
			);
			name = Frameworks;
			sourceTree = "<group>";
		};
/* End PBXGroup section */

/* Begin PBXHeadersBuildPhase section */
		B50310A31E1E5CB200C11EC4 /* Headers */ = {
			isa = PBXHeadersBuildPhase;
			buildActionMask = 2147483647;
			files = (
				B584C8381E31BEC000CB6C81 /* ZLPhotoPickerCollectionView.h in Headers */,
				B584C8121E31BEC000CB6C81 /* OKPhotoBrowserHelp.h in Headers */,
				B584C8301E31BEC000CB6C81 /* ZLPhotoPickerGroup.h in Headers */,
				B584C81B1E31BEC000CB6C81 /* ZLPhotoRect.h in Headers */,
				B584C8451E31DE3200CB6C81 /* OKBaseNavigationVC.h in Headers */,
				B584C80C1E31BEC000CB6C81 /* OKHttpRequestModel+OKExtension.h in Headers */,
				B584C8211E31BEC000CB6C81 /* DACircularProgressView.h in Headers */,
				B50311491E1E607F00C11EC4 /* NSString+OKExtention.h in Headers */,
				B50311591E1E607F00C11EC4 /* UITextField+OKExtension.h in Headers */,
				B584C83E1E31BEC000CB6C81 /* ZLPhotoPickerGroupTableViewCell.h in Headers */,
				B584C7B41E31BAD500CB6C81 /* OKPubilcKeyDefiner.h in Headers */,
				B50311511E1E607F00C11EC4 /* UIImage+OKExtension.h in Headers */,
				B503113E1E1E607F00C11EC4 /* NSMutableArray+OKExtension.h in Headers */,
				B50311451E1E607F00C11EC4 /* NSObject+OKRuntime.h in Headers */,
				B584C7B21E31BAD500CB6C81 /* OKColorDefiner.h in Headers */,
				B50311611E1E607F00C11EC4 /* OKHttpRequestModel.h in Headers */,
				B50311471E1E607F00C11EC4 /* NSString+OKEncryption.h in Headers */,
				B50311421E1E607F00C11EC4 /* NSNull+OKSafely.h in Headers */,
				B50311371E1E607F00C11EC4 /* GTMDefines.h in Headers */,
				B503114D1E1E607F00C11EC4 /* UIButton+OKExtension.h in Headers */,
				B584C8081E31BEC000CB6C81 /* OKCommonTipView.h in Headers */,
				B584C84D1E31E62900CB6C81 /* UIViewController+OKExtension.h in Headers */,
				B50311571E1E607F00C11EC4 /* UILabel+OKExtension.h in Headers */,
				B584C8141E31BEC000CB6C81 /* OKPickerPhotoHelp.h in Headers */,
				B584C85D1E31F55700CB6C81 /* OKCFunction.h in Headers */,
				B50311631E1E607F00C11EC4 /* OKHttpRequestTools.h in Headers */,
				B503115D1E1E607F00C11EC4 /* UIView+OKTool.h in Headers */,
				B503113A1E1E607F00C11EC4 /* NSDate+OKExtension.h in Headers */,
				B584C83C1E31BEC000CB6C81 /* ZLPhotoPickerFooterCollectionReusableView.h in Headers */,
				B584C80E1E31BEC000CB6C81 /* OKHttpRequestTools+OKExtension.h in Headers */,
				B584C8491E31E0E700CB6C81 /* UIBarButtonItem+OKExtension.h in Headers */,
				B503113C1E1E607F00C11EC4 /* NSDictionary+OKExtension.h in Headers */,
				B584C81D1E31BEC000CB6C81 /* ZLPhotoPickerBrowserViewController+SignlePhotoBrowser.h in Headers */,
				B503114F1E1E607F00C11EC4 /* UIDevice+OKExtension.h in Headers */,
				B584C8171E31BEC000CB6C81 /* UIImage+ZLPhotoLib.h in Headers */,
				B584C8421E31BEC000CB6C81 /* ZLPhotoPickerCommon.h in Headers */,
				B584C7B51E31BAD500CB6C81 /* OKPublicConst.h in Headers */,
				B584C8191E31BEC000CB6C81 /* ZLPhotoPickerBrowserPhoto.h in Headers */,
				B50311651E1E607F00C11EC4 /* OKActionSheetView.h in Headers */,
				B584C7B31E31BAD500CB6C81 /* OKFrameDefiner.h in Headers */,
				B584C7BB1E31BD7F00CB6C81 /* OKUtils.h in Headers */,
				B584C82C1E31BEC000CB6C81 /* ZLPhotoAssets.h in Headers */,
				B50310AB1E1E5CB200C11EC4 /* CommonFrameWork.h in Headers */,
				B584C8401E31BEC000CB6C81 /* ZLPhotoPickerImageView.h in Headers */,
				B584C8361E31BEC000CB6C81 /* ZLPhotoPickerViewController.h in Headers */,
				B50311351E1E607F00C11EC4 /* GTMBase64.h in Headers */,
				B584C8271E31BEC000CB6C81 /* ZLPhotoPickerBrowserPhotoView.h in Headers */,
				A3FC95E91E2FA688001EA205 /* UINavigationController+OKExtension.h in Headers */,
				B584C8161E31BEC000CB6C81 /* ZLPhoto.h in Headers */,
				B584C8101E31BEC000CB6C81 /* UITableView+OKRequestExtension.h in Headers */,
				A30693571E1EAB7B0023DE5E /* NSObject+NeverCrash.h in Headers */,
				B584C81F1E31BEC000CB6C81 /* ZLPhotoPickerBrowserViewController.h in Headers */,
				B50311531E1E607F00C11EC4 /* UIImageView+OKCornerRadius.h in Headers */,
				B584C8291E31BEC000CB6C81 /* ZLPhotoPickerCustomToolBarView.h in Headers */,
				B584C83A1E31BEC000CB6C81 /* ZLPhotoPickerCollectionViewCell.h in Headers */,
				B584C8321E31BEC000CB6C81 /* ZLPhotoPickerAssetsViewController.h in Headers */,
				B503115B1E1E607F00C11EC4 /* UIView+OKExtension.h in Headers */,
				B584C80A1E31BEC000CB6C81 /* OKFMDBTool.h in Headers */,
				B50311441E1E607F00C11EC4 /* NSObject+OKExtension.h in Headers */,
				B50311381E1E607F00C11EC4 /* NSArray+OKExtention.h in Headers */,
				A30693521E1E98C30023DE5E /* UITabBar+BadgeView.h in Headers */,
				B584C8341E31BEC000CB6C81 /* ZLPhotoPickerGroupViewController.h in Headers */,
				B5E8BD2F1E2F55DD00D0F73D /* OKReachabilityManager.h in Headers */,
				B50311401E1E607F00C11EC4 /* NSMutableDictionary+OKExtension.h in Headers */,
				B584C82E1E31BEC000CB6C81 /* ZLPhotoPickerDatas.h in Headers */,
				B50311551E1E607F00C11EC4 /* UIImageView+OKExtension.h in Headers */,
				B584C8231E31BEC000CB6C81 /* ZLPhotoPickerBrowserPhotoImageView.h in Headers */,
				B584C7C01E31BD9300CB6C81 /* OKBaseViewController.h in Headers */,
				B584C8251E31BEC000CB6C81 /* ZLPhotoPickerBrowserPhotoScrollView.h in Headers */,
				B50311671E1E607F00C11EC4 /* OKAlertController.h in Headers */,
			);
			runOnlyForDeploymentPostprocessing = 0;
		};
/* End PBXHeadersBuildPhase section */

/* Begin PBXNativeTarget section */
		B50310A51E1E5CB200C11EC4 /* CommonFrameWork */ = {
			isa = PBXNativeTarget;
			buildConfigurationList = B50310AE1E1E5CB200C11EC4 /* Build configuration list for PBXNativeTarget "CommonFrameWork" */;
			buildPhases = (
				0871C241124F85D335D826FF /* [CP] Check Pods Manifest.lock */,
				B50310A11E1E5CB200C11EC4 /* Sources */,
				B50310A21E1E5CB200C11EC4 /* Frameworks */,
				B50310A31E1E5CB200C11EC4 /* Headers */,
				B50310A41E1E5CB200C11EC4 /* Resources */,
				B0A8AED415D4275EF9C22744 /* [CP] Copy Pods Resources */,
			);
			buildRules = (
			);
			dependencies = (
			);
			name = CommonFrameWork;
			productName = CommonFrameWork;
			productReference = B50310A61E1E5CB200C11EC4 /* CommonFrameWork.framework */;
			productType = "com.apple.product-type.framework";
		};
/* End PBXNativeTarget section */

/* Begin PBXProject section */
		B503109D1E1E5CB200C11EC4 /* Project object */ = {
			isa = PBXProject;
			attributes = {
				LastUpgradeCheck = 0820;
				ORGANIZATIONNAME = okdeer;
				TargetAttributes = {
					B50310A51E1E5CB200C11EC4 = {
						CreatedOnToolsVersion = 8.1;
						ProvisioningStyle = Automatic;
					};
				};
			};
			buildConfigurationList = B50310A01E1E5CB200C11EC4 /* Build configuration list for PBXProject "CommonFrameWork" */;
			compatibilityVersion = "Xcode 3.2";
			developmentRegion = English;
			hasScannedForEncodings = 0;
			knownRegions = (
				en,
			);
			mainGroup = B503109C1E1E5CB200C11EC4;
			productRefGroup = B50310A71E1E5CB200C11EC4 /* Products */;
			projectDirPath = "";
			projectRoot = "";
			targets = (
				B50310A51E1E5CB200C11EC4 /* CommonFrameWork */,
			);
		};
/* End PBXProject section */

/* Begin PBXResourcesBuildPhase section */
		B50310A41E1E5CB200C11EC4 /* Resources */ = {
			isa = PBXResourcesBuildPhase;
			buildActionMask = 2147483647;
			files = (
				B584C8561E31F42700CB6C81 /* commonImage.bundle in Resources */,
				B584C82B1E31BEC000CB6C81 /* ZLPhotoLib.bundle in Resources */,
			);
			runOnlyForDeploymentPostprocessing = 0;
		};
/* End PBXResourcesBuildPhase section */

/* Begin PBXShellScriptBuildPhase section */
		0871C241124F85D335D826FF /* [CP] Check Pods Manifest.lock */ = {
			isa = PBXShellScriptBuildPhase;
			buildActionMask = 2147483647;
			files = (
			);
			inputPaths = (
			);
			name = "[CP] Check Pods Manifest.lock";
			outputPaths = (
			);
			runOnlyForDeploymentPostprocessing = 0;
			shellPath = /bin/sh;
			shellScript = "diff \"${PODS_ROOT}/../Podfile.lock\" \"${PODS_ROOT}/Manifest.lock\" > /dev/null\nif [ $? != 0 ] ; then\n    # print error to STDERR\n    echo \"error: The sandbox is not in sync with the Podfile.lock. Run 'pod install' or update your CocoaPods installation.\" >&2\n    exit 1\nfi\n";
			showEnvVarsInLog = 0;
		};
		B0A8AED415D4275EF9C22744 /* [CP] Copy Pods Resources */ = {
			isa = PBXShellScriptBuildPhase;
			buildActionMask = 2147483647;
			files = (
			);
			inputPaths = (
			);
			name = "[CP] Copy Pods Resources";
			outputPaths = (
			);
			runOnlyForDeploymentPostprocessing = 0;
			shellPath = /bin/sh;
			shellScript = "\"${SRCROOT}/../Pods/Target Support Files/Pods-CommonFrameWork/Pods-CommonFrameWork-resources.sh\"\n";
			showEnvVarsInLog = 0;
		};
/* End PBXShellScriptBuildPhase section */

/* Begin PBXSourcesBuildPhase section */
		B50310A11E1E5CB200C11EC4 /* Sources */ = {
			isa = PBXSourcesBuildPhase;
			buildActionMask = 2147483647;
			files = (
				B584C80D1E31BEC000CB6C81 /* OKHttpRequestModel+OKExtension.m in Sources */,
				B584C8281E31BEC000CB6C81 /* ZLPhotoPickerBrowserPhotoView.m in Sources */,
				B584C82A1E31BEC000CB6C81 /* ZLPhotoPickerCustomToolBarView.m in Sources */,
				B503113B1E1E607F00C11EC4 /* NSDate+OKExtension.m in Sources */,
				B584C8111E31BEC000CB6C81 /* UITableView+OKRequestExtension.m in Sources */,
				B584C8331E31BEC000CB6C81 /* ZLPhotoPickerAssetsViewController.m in Sources */,
				B50311431E1E607F00C11EC4 /* NSNull+OKSafely.m in Sources */,
				B503115A1E1E607F00C11EC4 /* UITextField+OKExtension.m in Sources */,
				B584C84A1E31E0E700CB6C81 /* UIBarButtonItem+OKExtension.m in Sources */,
				B50311411E1E607F00C11EC4 /* NSMutableDictionary+OKExtension.m in Sources */,
				B584C85E1E31F55700CB6C81 /* OKCFunction.m in Sources */,
				B584C8241E31BEC000CB6C81 /* ZLPhotoPickerBrowserPhotoImageView.m in Sources */,
				B50311581E1E607F00C11EC4 /* UILabel+OKExtension.m in Sources */,
				B584C81A1E31BEC000CB6C81 /* ZLPhotoPickerBrowserPhoto.m in Sources */,
				B50311541E1E607F00C11EC4 /* UIImageView+OKCornerRadius.m in Sources */,
				B584C81C1E31BEC000CB6C81 /* ZLPhotoRect.m in Sources */,
				B50311501E1E607F00C11EC4 /* UIDevice+OKExtension.m in Sources */,
				B584C84E1E31E62900CB6C81 /* UIViewController+OKExtension.m in Sources */,
				B50311521E1E607F00C11EC4 /* UIImage+OKExtension.m in Sources */,
				B503115E1E1E607F00C11EC4 /* UIView+OKTool.m in Sources */,
				B584C82D1E31BEC000CB6C81 /* ZLPhotoAssets.m in Sources */,
				B503115C1E1E607F00C11EC4 /* UIView+OKExtension.m in Sources */,
				B50311361E1E607F00C11EC4 /* GTMBase64.m in Sources */,
				B584C83D1E31BEC000CB6C81 /* ZLPhotoPickerFooterCollectionReusableView.m in Sources */,
				B584C8391E31BEC000CB6C81 /* ZLPhotoPickerCollectionView.m in Sources */,
				B50311621E1E607F00C11EC4 /* OKHttpRequestModel.m in Sources */,
				B50311341E1E607F00C11EC4 /* Foundation+Log.m in Sources */,
				B503114A1E1E607F00C11EC4 /* NSString+OKExtention.m in Sources */,
				B584C7B61E31BAD500CB6C81 /* OKPublicConst.m in Sources */,
				B584C8181E31BEC000CB6C81 /* UIImage+ZLPhotoLib.m in Sources */,
				B5E8BD301E2F55DD00D0F73D /* OKReachabilityManager.m in Sources */,
				B50311391E1E607F00C11EC4 /* NSArray+OKExtention.m in Sources */,
				B50311481E1E607F00C11EC4 /* NSString+OKEncryption.m in Sources */,
				B584C8091E31BEC000CB6C81 /* OKCommonTipView.m in Sources */,
				B503113D1E1E607F00C11EC4 /* NSDictionary+OKExtension.m in Sources */,
				B584C80F1E31BEC000CB6C81 /* OKHttpRequestTools+OKExtension.m in Sources */,
				B503113F1E1E607F00C11EC4 /* NSMutableArray+OKExtension.m in Sources */,
				B584C83B1E31BEC000CB6C81 /* ZLPhotoPickerCollectionViewCell.m in Sources */,
				B584C81E1E31BEC000CB6C81 /* ZLPhotoPickerBrowserViewController+SignlePhotoBrowser.m in Sources */,
				A30693531E1E98C30023DE5E /* UITabBar+BadgeView.m in Sources */,
				B584C8261E31BEC000CB6C81 /* ZLPhotoPickerBrowserPhotoScrollView.m in Sources */,
				B584C8371E31BEC000CB6C81 /* ZLPhotoPickerViewController.m in Sources */,
				B584C7BC1E31BD7F00CB6C81 /* OKUtils.m in Sources */,
				B50311661E1E607F00C11EC4 /* OKActionSheetView.m in Sources */,
				B584C8461E31DE3200CB6C81 /* OKBaseNavigationVC.m in Sources */,
				B584C8131E31BEC000CB6C81 /* OKPhotoBrowserHelp.m in Sources */,
				B50311461E1E607F00C11EC4 /* NSObject+OKRuntime.m in Sources */,
				B584C82F1E31BEC000CB6C81 /* ZLPhotoPickerDatas.m in Sources */,
				B584C7C11E31BD9300CB6C81 /* OKBaseViewController.m in Sources */,
				A3FC95EA1E2FA688001EA205 /* UINavigationController+OKExtension.m in Sources */,
				B584C8201E31BEC000CB6C81 /* ZLPhotoPickerBrowserViewController.m in Sources */,
				B584C8151E31BEC000CB6C81 /* OKPickerPhotoHelp.m in Sources */,
				B584C8351E31BEC000CB6C81 /* ZLPhotoPickerGroupViewController.m in Sources */,
				B584C80B1E31BEC000CB6C81 /* OKFMDBTool.m in Sources */,
				B584C8411E31BEC000CB6C81 /* ZLPhotoPickerImageView.m in Sources */,
				B50311561E1E607F00C11EC4 /* UIImageView+OKExtension.m in Sources */,
				B584C8311E31BEC000CB6C81 /* ZLPhotoPickerGroup.m in Sources */,
				B584C8221E31BEC000CB6C81 /* DACircularProgressView.m in Sources */,
				B584C83F1E31BEC000CB6C81 /* ZLPhotoPickerGroupTableViewCell.m in Sources */,
				A30693581E1EAB7B0023DE5E /* NSObject+NeverCrash.m in Sources */,
				B503114E1E1E607F00C11EC4 /* UIButton+OKExtension.m in Sources */,
				B50311681E1E607F00C11EC4 /* OKAlertController.m in Sources */,
				B50311641E1E607F00C11EC4 /* OKHttpRequestTools.m in Sources */,
			);
			runOnlyForDeploymentPostprocessing = 0;
		};
/* End PBXSourcesBuildPhase section */

/* Begin XCBuildConfiguration section */
		B50310AC1E1E5CB200C11EC4 /* Debug */ = {
			isa = XCBuildConfiguration;
			buildSettings = {
				ALWAYS_SEARCH_USER_PATHS = NO;
				CLANG_ANALYZER_NONNULL = YES;
				CLANG_CXX_LANGUAGE_STANDARD = "gnu++0x";
				CLANG_CXX_LIBRARY = "libc++";
				CLANG_ENABLE_MODULES = YES;
				CLANG_ENABLE_OBJC_ARC = YES;
				CLANG_WARN_BOOL_CONVERSION = YES;
				CLANG_WARN_CONSTANT_CONVERSION = YES;
				CLANG_WARN_DIRECT_OBJC_ISA_USAGE = YES_ERROR;
				CLANG_WARN_DOCUMENTATION_COMMENTS = YES;
				CLANG_WARN_EMPTY_BODY = YES;
				CLANG_WARN_ENUM_CONVERSION = YES;
				CLANG_WARN_INFINITE_RECURSION = YES;
				CLANG_WARN_INT_CONVERSION = YES;
				CLANG_WARN_OBJC_ROOT_CLASS = YES_ERROR;
				CLANG_WARN_SUSPICIOUS_MOVE = YES;
				CLANG_WARN_SUSPICIOUS_MOVES = YES;
				CLANG_WARN_UNREACHABLE_CODE = YES;
				CLANG_WARN__DUPLICATE_METHOD_MATCH = YES;
				"CODE_SIGN_IDENTITY[sdk=iphoneos*]" = "iPhone Developer";
				COPY_PHASE_STRIP = NO;
				CURRENT_PROJECT_VERSION = 1;
				DEBUG_INFORMATION_FORMAT = dwarf;
				ENABLE_STRICT_OBJC_MSGSEND = YES;
				ENABLE_TESTABILITY = YES;
				GCC_C_LANGUAGE_STANDARD = gnu99;
				GCC_DYNAMIC_NO_PIC = NO;
				GCC_NO_COMMON_BLOCKS = YES;
				GCC_OPTIMIZATION_LEVEL = 0;
				GCC_PREPROCESSOR_DEFINITIONS = (
					"DEBUG=1",
					"$(inherited)",
				);
				GCC_WARN_64_TO_32_BIT_CONVERSION = YES;
				GCC_WARN_ABOUT_RETURN_TYPE = YES_ERROR;
				GCC_WARN_UNDECLARED_SELECTOR = YES;
				GCC_WARN_UNINITIALIZED_AUTOS = YES_AGGRESSIVE;
				GCC_WARN_UNUSED_FUNCTION = YES;
				GCC_WARN_UNUSED_VARIABLE = YES;
				IPHONEOS_DEPLOYMENT_TARGET = 10.1;
				MTL_ENABLE_DEBUG_INFO = YES;
				ONLY_ACTIVE_ARCH = YES;
				SDKROOT = iphoneos;
				TARGETED_DEVICE_FAMILY = "1,2";
				VERSIONING_SYSTEM = "apple-generic";
				VERSION_INFO_PREFIX = "";
			};
			name = Debug;
		};
		B50310AD1E1E5CB200C11EC4 /* Release */ = {
			isa = XCBuildConfiguration;
			buildSettings = {
				ALWAYS_SEARCH_USER_PATHS = NO;
				CLANG_ANALYZER_NONNULL = YES;
				CLANG_CXX_LANGUAGE_STANDARD = "gnu++0x";
				CLANG_CXX_LIBRARY = "libc++";
				CLANG_ENABLE_MODULES = YES;
				CLANG_ENABLE_OBJC_ARC = YES;
				CLANG_WARN_BOOL_CONVERSION = YES;
				CLANG_WARN_CONSTANT_CONVERSION = YES;
				CLANG_WARN_DIRECT_OBJC_ISA_USAGE = YES_ERROR;
				CLANG_WARN_DOCUMENTATION_COMMENTS = YES;
				CLANG_WARN_EMPTY_BODY = YES;
				CLANG_WARN_ENUM_CONVERSION = YES;
				CLANG_WARN_INFINITE_RECURSION = YES;
				CLANG_WARN_INT_CONVERSION = YES;
				CLANG_WARN_OBJC_ROOT_CLASS = YES_ERROR;
				CLANG_WARN_SUSPICIOUS_MOVE = YES;
				CLANG_WARN_SUSPICIOUS_MOVES = YES;
				CLANG_WARN_UNREACHABLE_CODE = YES;
				CLANG_WARN__DUPLICATE_METHOD_MATCH = YES;
				"CODE_SIGN_IDENTITY[sdk=iphoneos*]" = "iPhone Developer";
				COPY_PHASE_STRIP = NO;
				CURRENT_PROJECT_VERSION = 1;
				DEBUG_INFORMATION_FORMAT = "dwarf-with-dsym";
				ENABLE_NS_ASSERTIONS = NO;
				ENABLE_STRICT_OBJC_MSGSEND = YES;
				GCC_C_LANGUAGE_STANDARD = gnu99;
				GCC_NO_COMMON_BLOCKS = YES;
				GCC_WARN_64_TO_32_BIT_CONVERSION = YES;
				GCC_WARN_ABOUT_RETURN_TYPE = YES_ERROR;
				GCC_WARN_UNDECLARED_SELECTOR = YES;
				GCC_WARN_UNINITIALIZED_AUTOS = YES_AGGRESSIVE;
				GCC_WARN_UNUSED_FUNCTION = YES;
				GCC_WARN_UNUSED_VARIABLE = YES;
				IPHONEOS_DEPLOYMENT_TARGET = 10.1;
				MTL_ENABLE_DEBUG_INFO = NO;
				SDKROOT = iphoneos;
				TARGETED_DEVICE_FAMILY = "1,2";
				VALIDATE_PRODUCT = YES;
				VERSIONING_SYSTEM = "apple-generic";
				VERSION_INFO_PREFIX = "";
			};
			name = Release;
		};
		B50310AF1E1E5CB200C11EC4 /* Debug */ = {
			isa = XCBuildConfiguration;
			baseConfigurationReference = F265C7404E441C7D5E566E31 /* Pods-CommonFrameWork.debug.xcconfig */;
			buildSettings = {
				CODE_SIGN_IDENTITY = "";
				DEFINES_MODULE = YES;
				DYLIB_COMPATIBILITY_VERSION = 1;
				DYLIB_CURRENT_VERSION = 1;
				DYLIB_INSTALL_NAME_BASE = "@rpath";
				INFOPLIST_FILE = CommonFrameWork/Info.plist;
				INSTALL_PATH = "$(LOCAL_LIBRARY_DIR)/Frameworks";
				IPHONEOS_DEPLOYMENT_TARGET = 8.0;
				LD_RUNPATH_SEARCH_PATHS = "$(inherited) @executable_path/Frameworks @loader_path/Frameworks";
				PRODUCT_BUNDLE_IDENTIFIER = com.test.demo.CommonFrameWork;
				PRODUCT_NAME = "$(TARGET_NAME)";
				SKIP_INSTALL = YES;
			};
			name = Debug;
		};
		B50310B01E1E5CB200C11EC4 /* Release */ = {
			isa = XCBuildConfiguration;
			baseConfigurationReference = D75B7CE185F50916618B66A4 /* Pods-CommonFrameWork.release.xcconfig */;
			buildSettings = {
				CODE_SIGN_IDENTITY = "";
				DEFINES_MODULE = YES;
				DYLIB_COMPATIBILITY_VERSION = 1;
				DYLIB_CURRENT_VERSION = 1;
				DYLIB_INSTALL_NAME_BASE = "@rpath";
				INFOPLIST_FILE = CommonFrameWork/Info.plist;
				INSTALL_PATH = "$(LOCAL_LIBRARY_DIR)/Frameworks";
				IPHONEOS_DEPLOYMENT_TARGET = 8.0;
				LD_RUNPATH_SEARCH_PATHS = "$(inherited) @executable_path/Frameworks @loader_path/Frameworks";
				PRODUCT_BUNDLE_IDENTIFIER = com.test.demo.CommonFrameWork;
				PRODUCT_NAME = "$(TARGET_NAME)";
				SKIP_INSTALL = YES;
			};
			name = Release;
		};
/* End XCBuildConfiguration section */

/* Begin XCConfigurationList section */
		B50310A01E1E5CB200C11EC4 /* Build configuration list for PBXProject "CommonFrameWork" */ = {
			isa = XCConfigurationList;
			buildConfigurations = (
				B50310AC1E1E5CB200C11EC4 /* Debug */,
				B50310AD1E1E5CB200C11EC4 /* Release */,
			);
			defaultConfigurationIsVisible = 0;
			defaultConfigurationName = Release;
		};
		B50310AE1E1E5CB200C11EC4 /* Build configuration list for PBXNativeTarget "CommonFrameWork" */ = {
			isa = XCConfigurationList;
			buildConfigurations = (
				B50310AF1E1E5CB200C11EC4 /* Debug */,
				B50310B01E1E5CB200C11EC4 /* Release */,
			);
			defaultConfigurationIsVisible = 0;
			defaultConfigurationName = Release;
		};
/* End XCConfigurationList section */
	};
	rootObject = B503109D1E1E5CB200C11EC4 /* Project object */;
}
